// !$*UTF8*$!
{
	archiveVersion = 1;
	classes = {
	};
	objectVersion = 56;
	objects = {

/* Begin PBXBuildFile section */
		8A164DA02AE93BD800F2B9A4 /* GStreamer.framework in Frameworks */ = {isa = PBXBuildFile; fileRef = 8AFFD2442A60165E0058829C /* GStreamer.framework */; };
		8A164DA82AEA7A7F00F2B9A4 /* VideoRecorder.swift in Sources */ = {isa = PBXBuildFile; fileRef = 8A164DA72AEA7A7F00F2B9A4 /* VideoRecorder.swift */; };
		8A164DFE2AEB96B600F2B9A4 /* focus2.png in Resources */ = {isa = PBXBuildFile; fileRef = 8A164DB02AEB96B600F2B9A4 /* focus2.png */; };
		8A164DFF2AEB96B600F2B9A4 /* down2.png in Resources */ = {isa = PBXBuildFile; fileRef = 8A164DB12AEB96B600F2B9A4 /* down2.png */; };
		8A164E002AEB96B600F2B9A4 /* change_window2.png in Resources */ = {isa = PBXBuildFile; fileRef = 8A164DB22AEB96B600F2B9A4 /* change_window2.png */; };
		8A164E012AEB96B600F2B9A4 /* change_split_size_right.png in Resources */ = {isa = PBXBuildFile; fileRef = 8A164DB32AEB96B600F2B9A4 /* change_split_size_right.png */; };
		8A164E022AEB96B600F2B9A4 /* magniplus2.png in Resources */ = {isa = PBXBuildFile; fileRef = 8A164DB42AEB96B600F2B9A4 /* magniplus2.png */; };
		8A164E032AEB96B600F2B9A4 /* ocr2.png in Resources */ = {isa = PBXBuildFile; fileRef = 8A164DB52AEB96B600F2B9A4 /* ocr2.png */; };
		8A164E042AEB96B600F2B9A4 /* open2.png in Resources */ = {isa = PBXBuildFile; fileRef = 8A164DB62AEB96B600F2B9A4 /* open2.png */; };
		8A164E052AEB96B600F2B9A4 /* magniminus2.png in Resources */ = {isa = PBXBuildFile; fileRef = 8A164DB72AEB96B600F2B9A4 /* magniminus2.png */; };
		8A164E062AEB96B600F2B9A4 /* camera2.png in Resources */ = {isa = PBXBuildFile; fileRef = 8A164DB82AEB96B600F2B9A4 /* camera2.png */; };
		8A164E072AEB96B600F2B9A4 /* change_split_size_left.png in Resources */ = {isa = PBXBuildFile; fileRef = 8A164DB92AEB96B600F2B9A4 /* change_split_size_left.png */; };
		8A164E082AEB96B600F2B9A4 /* switch_camera22.png in Resources */ = {isa = PBXBuildFile; fileRef = 8A164DBA2AEB96B600F2B9A4 /* switch_camera22.png */; };
		8A164E092AEB96B600F2B9A4 /* navigation12.png in Resources */ = {isa = PBXBuildFile; fileRef = 8A164DBB2AEB96B600F2B9A4 /* navigation12.png */; };
		8A164E0A2AEB96B600F2B9A4 /* left2.png in Resources */ = {isa = PBXBuildFile; fileRef = 8A164DBC2AEB96B600F2B9A4 /* left2.png */; };
		8A164E0B2AEB96B600F2B9A4 /* change_split2V.png in Resources */ = {isa = PBXBuildFile; fileRef = 8A164DBD2AEB96B600F2B9A4 /* change_split2V.png */; };
		8A164E0C2AEB96B600F2B9A4 /* three2.png in Resources */ = {isa = PBXBuildFile; fileRef = 8A164DBE2AEB96B600F2B9A4 /* three2.png */; };
		8A164E0D2AEB96B600F2B9A4 /* rotate2.png in Resources */ = {isa = PBXBuildFile; fileRef = 8A164DBF2AEB96B600F2B9A4 /* rotate2.png */; };
		8A164E0E2AEB96B600F2B9A4 /* halfmoon2.png in Resources */ = {isa = PBXBuildFile; fileRef = 8A164DC02AEB96B600F2B9A4 /* halfmoon2.png */; };
		8A164E0F2AEB96B600F2B9A4 /* one2.png in Resources */ = {isa = PBXBuildFile; fileRef = 8A164DC12AEB96B600F2B9A4 /* one2.png */; };
		8A164E102AEB96B600F2B9A4 /* up2.png in Resources */ = {isa = PBXBuildFile; fileRef = 8A164DC22AEB96B600F2B9A4 /* up2.png */; };
		8A164E112AEB96B600F2B9A4 /* two2.png in Resources */ = {isa = PBXBuildFile; fileRef = 8A164DC32AEB96B600F2B9A4 /* two2.png */; };
		8A164E122AEB96B600F2B9A4 /* paus2.png in Resources */ = {isa = PBXBuildFile; fileRef = 8A164DC42AEB96B600F2B9A4 /* paus2.png */; };
		8A164E132AEB96B600F2B9A4 /* quiet2.png in Resources */ = {isa = PBXBuildFile; fileRef = 8A164DC52AEB96B600F2B9A4 /* quiet2.png */; };
		8A164E142AEB96B600F2B9A4 /* sunsmall2.png in Resources */ = {isa = PBXBuildFile; fileRef = 8A164DC62AEB96B600F2B9A4 /* sunsmall2.png */; };
		8A164E152AEB96B600F2B9A4 /* navigation42.png in Resources */ = {isa = PBXBuildFile; fileRef = 8A164DC72AEB96B600F2B9A4 /* navigation42.png */; };
		8A164E162AEB96B600F2B9A4 /* forward.png in Resources */ = {isa = PBXBuildFile; fileRef = 8A164DC82AEB96B600F2B9A4 /* forward.png */; };
		8A164E172AEB96B600F2B9A4 /* close_save2.png in Resources */ = {isa = PBXBuildFile; fileRef = 8A164DC92AEB96B600F2B9A4 /* close_save2.png */; };
		8A164E182AEB96B600F2B9A4 /* light_down2.png in Resources */ = {isa = PBXBuildFile; fileRef = 8A164DCA2AEB96B600F2B9A4 /* light_down2.png */; };
		8A164E192AEB96B600F2B9A4 /* video2.png in Resources */ = {isa = PBXBuildFile; fileRef = 8A164DCB2AEB96B600F2B9A4 /* video2.png */; };
		8A164E1A2AEB96B600F2B9A4 /* video.jpg in Resources */ = {isa = PBXBuildFile; fileRef = 8A164DCC2AEB96B600F2B9A4 /* video.jpg */; };
		8A164E1B2AEB96B600F2B9A4 /* right2.png in Resources */ = {isa = PBXBuildFile; fileRef = 8A164DCD2AEB96B600F2B9A4 /* right2.png */; };
		8A164E1C2AEB96B600F2B9A4 /* sunlarge2.png in Resources */ = {isa = PBXBuildFile; fileRef = 8A164DCE2AEB96B600F2B9A4 /* sunlarge2.png */; };
		8A164E1D2AEB96B600F2B9A4 /* help2.png in Resources */ = {isa = PBXBuildFile; fileRef = 8A164DCF2AEB96B600F2B9A4 /* help2.png */; };
		8A164E1E2AEB96B600F2B9A4 /* navigation22.png in Resources */ = {isa = PBXBuildFile; fileRef = 8A164DD02AEB96B600F2B9A4 /* navigation22.png */; };
		8A164E1F2AEB96B600F2B9A4 /* letter2.png in Resources */ = {isa = PBXBuildFile; fileRef = 8A164DD12AEB96B600F2B9A4 /* letter2.png */; };
		8A164E202AEB96B600F2B9A4 /* next.png in Resources */ = {isa = PBXBuildFile; fileRef = 8A164DD22AEB96B600F2B9A4 /* next.png */; };
		8A164E212AEB96B600F2B9A4 /* button_pin2.png in Resources */ = {isa = PBXBuildFile; fileRef = 8A164DD32AEB96B600F2B9A4 /* button_pin2.png */; };
		8A164E222AEB96B600F2B9A4 /* mirror2.png in Resources */ = {isa = PBXBuildFile; fileRef = 8A164DD42AEB96B600F2B9A4 /* mirror2.png */; };
		8A164E232AEB96B600F2B9A4 /* switch_sources.png in Resources */ = {isa = PBXBuildFile; fileRef = 8A164DD52AEB96B600F2B9A4 /* switch_sources.png */; };
		8A164E242AEB96B600F2B9A4 /* previous.png in Resources */ = {isa = PBXBuildFile; fileRef = 8A164DD62AEB96B600F2B9A4 /* previous.png */; };
		8A164E252AEB96B600F2B9A4 /* focus_up2.png in Resources */ = {isa = PBXBuildFile; fileRef = 8A164DD72AEB96B600F2B9A4 /* focus_up2.png */; };
		8A164E262AEB96B600F2B9A4 /* light_up2.png in Resources */ = {isa = PBXBuildFile; fileRef = 8A164DD82AEB96B600F2B9A4 /* light_up2.png */; };
		8A164E272AEB96B600F2B9A4 /* back.png in Resources */ = {isa = PBXBuildFile; fileRef = 8A164DD92AEB96B600F2B9A4 /* back.png */; };
		8A164E282AEB96B600F2B9A4 /* stop2.png in Resources */ = {isa = PBXBuildFile; fileRef = 8A164DDA2AEB96B600F2B9A4 /* stop2.png */; };
		8A164E292AEB96B600F2B9A4 /* focus_down2.png in Resources */ = {isa = PBXBuildFile; fileRef = 8A164DDB2AEB96B600F2B9A4 /* focus_down2.png */; };
		8A164E2A2AEB96B600F2B9A4 /* navigation32.png in Resources */ = {isa = PBXBuildFile; fileRef = 8A164DDC2AEB96B600F2B9A4 /* navigation32.png */; };
		8A164E2B2AEB96B600F2B9A4 /* play2.png in Resources */ = {isa = PBXBuildFile; fileRef = 8A164DDD2AEB96B600F2B9A4 /* play2.png */; };
		8A164E2C2AEB96B600F2B9A4 /* stripedmoon2.png in Resources */ = {isa = PBXBuildFile; fileRef = 8A164DDE2AEB96B600F2B9A4 /* stripedmoon2.png */; };
		8A164E2D2AEB96B600F2B9A4 /* MyPagesView.m in Sources */ = {isa = PBXBuildFile; fileRef = 8A164DE02AEB96B600F2B9A4 /* MyPagesView.m */; };
		8A164E2E2AEB96B600F2B9A4 /* MyButtonView.m in Sources */ = {isa = PBXBuildFile; fileRef = 8A164DE32AEB96B600F2B9A4 /* MyButtonView.m */; };
		8A164E2F2AEB96B600F2B9A4 /* MyCheckBoxView.m in Sources */ = {isa = PBXBuildFile; fileRef = 8A164DE62AEB96B600F2B9A4 /* MyCheckBoxView.m */; };
		8A164E302AEB96B600F2B9A4 /* MyScrollView.m in Sources */ = {isa = PBXBuildFile; fileRef = 8A164DEC2AEB96B600F2B9A4 /* MyScrollView.m */; };
		8A164E312AEB96B600F2B9A4 /* MyScrollButton.m in Sources */ = {isa = PBXBuildFile; fileRef = 8A164DED2AEB96B600F2B9A4 /* MyScrollButton.m */; };
		8A164E322AEB96B600F2B9A4 /* ScreenShot.m in Sources */ = {isa = PBXBuildFile; fileRef = 8A164DEE2AEB96B600F2B9A4 /* ScreenShot.m */; };
		8A164E332AEB96B600F2B9A4 /* MyOCRButtonBarView.m in Sources */ = {isa = PBXBuildFile; fileRef = 8A164DF32AEB96B600F2B9A4 /* MyOCRButtonBarView.m */; };
		8A164E342AEB96B600F2B9A4 /* MyGrabberButtonBarView.m in Sources */ = {isa = PBXBuildFile; fileRef = 8A164DF42AEB96B600F2B9A4 /* MyGrabberButtonBarView.m */; };
		8A164E352AEB96B600F2B9A4 /* MyButtonBarView.m in Sources */ = {isa = PBXBuildFile; fileRef = 8A164DF52AEB96B600F2B9A4 /* MyButtonBarView.m */; };
		8A164E362AEB96B600F2B9A4 /* MyCameraButtonBarView.m in Sources */ = {isa = PBXBuildFile; fileRef = 8A164DF62AEB96B600F2B9A4 /* MyCameraButtonBarView.m */; };
		8A164E372AEB96B600F2B9A4 /* MyRibbonView.m in Sources */ = {isa = PBXBuildFile; fileRef = 8A164DF92AEB96B600F2B9A4 /* MyRibbonView.m */; };
		8A164E382AEB96B600F2B9A4 /* MySliderControl.m in Sources */ = {isa = PBXBuildFile; fileRef = 8A164DFB2AEB96B600F2B9A4 /* MySliderControl.m */; };
		8A164E392AEB96B600F2B9A4 /* MySizes.m in Sources */ = {isa = PBXBuildFile; fileRef = 8A164DFD2AEB96B600F2B9A4 /* MySizes.m */; };
		8A164E3C2AEB982600F2B9A4 /* Localization.m in Sources */ = {isa = PBXBuildFile; fileRef = 8A164E3B2AEB982600F2B9A4 /* Localization.m */; };
		8A164E3E2AEBE4D700F2B9A4 /* PhotoCapture.swift in Sources */ = {isa = PBXBuildFile; fileRef = 8A164E3D2AEBE4D700F2B9A4 /* PhotoCapture.swift */; };
		8AC1F1F22A40749C0011CE3F /* CameraManager.swift in Sources */ = {isa = PBXBuildFile; fileRef = 8AC1F1F12A40749C0011CE3F /* CameraManager.swift */; };
		8AC1F1F42A4074D10011CE3F /* CameraBaseViewController.swift in Sources */ = {isa = PBXBuildFile; fileRef = 8AC1F1F32A4074D10011CE3F /* CameraBaseViewController.swift */; };
		8AC1F1F82A4075270011CE3F /* TwigaCameraViewController.swift in Sources */ = {isa = PBXBuildFile; fileRef = 8AC1F1F72A4075270011CE3F /* TwigaCameraViewController.swift */; };
		8AC1F1FB2A4075810011CE3F /* LVICameraViewController.swift in Sources */ = {isa = PBXBuildFile; fileRef = 8AC1F1F92A4075810011CE3F /* LVICameraViewController.swift */; };
		8AC1F1FF2A4076290011CE3F /* CameraAirViewController.swift in Sources */ = {isa = PBXBuildFile; fileRef = 8AC1F1FD2A4076290011CE3F /* CameraAirViewController.swift */; };
		8AC1F2032A4076820011CE3F /* VideoCapture.swift in Sources */ = {isa = PBXBuildFile; fileRef = 8AC1F2022A4076820011CE3F /* VideoCapture.swift */; };
		8AC1F2062A4078990011CE3F /* CameraAirDistanceViewController.swift in Sources */ = {isa = PBXBuildFile; fileRef = 8AC1F2042A4078990011CE3F /* CameraAirDistanceViewController.swift */; };
		8AC1F2092A4078B40011CE3F /* CameraAirReadingViewController.swift in Sources */ = {isa = PBXBuildFile; fileRef = 8AC1F2082A4078B40011CE3F /* CameraAirReadingViewController.swift */; };
		8AC1F20B2A407A630011CE3F /* Enums.swift in Sources */ = {isa = PBXBuildFile; fileRef = 8AC1F20A2A407A630011CE3F /* Enums.swift */; };
		8AC1F20D2A407D530011CE3F /* Extension.swift in Sources */ = {isa = PBXBuildFile; fileRef = 8AC1F20C2A407D530011CE3F /* Extension.swift */; };
		8AC1F2112A407E8E0011CE3F /* Preferences.swift in Sources */ = {isa = PBXBuildFile; fileRef = 8AC1F2102A407E8E0011CE3F /* Preferences.swift */; };
		8AC1F2142A4086480011CE3F /* Onvif.swift in Sources */ = {isa = PBXBuildFile; fileRef = 8AC1F2132A4086480011CE3F /* Onvif.swift */; };
		8AC1F2402A4086750011CE3F /* VideoResolution.swift in Sources */ = {isa = PBXBuildFile; fileRef = 8AC1F2182A4086750011CE3F /* VideoResolution.swift */; };
		8AC1F2412A4086750011CE3F /* VideoRateControl.swift in Sources */ = {isa = PBXBuildFile; fileRef = 8AC1F2192A4086750011CE3F /* VideoRateControl.swift */; };
		8AC1F2422A4086750011CE3F /* Space1DDescription.swift in Sources */ = {isa = PBXBuildFile; fileRef = 8AC1F21A2A4086750011CE3F /* Space1DDescription.swift */; };
		8AC1F2432A4086750011CE3F /* H264Profile.swift in Sources */ = {isa = PBXBuildFile; fileRef = 8AC1F21B2A4086750011CE3F /* H264Profile.swift */; };
		8AC1F2442A4086750011CE3F /* Bounds.swift in Sources */ = {isa = PBXBuildFile; fileRef = 8AC1F21C2A4086750011CE3F /* Bounds.swift */; };
		8AC1F2452A4086750011CE3F /* FocusOptions.swift in Sources */ = {isa = PBXBuildFile; fileRef = 8AC1F21D2A4086750011CE3F /* FocusOptions.swift */; };
		8AC1F2462A4086750011CE3F /* Vector1D.swift in Sources */ = {isa = PBXBuildFile; fileRef = 8AC1F21E2A4086750011CE3F /* Vector1D.swift */; };
		8AC1F2472A4086750011CE3F /* H264Options.swift in Sources */ = {isa = PBXBuildFile; fileRef = 8AC1F21F2A4086750011CE3F /* H264Options.swift */; };
		8AC1F2482A4086750011CE3F /* H264Options2.swift in Sources */ = {isa = PBXBuildFile; fileRef = 8AC1F2202A4086750011CE3F /* H264Options2.swift */; };
		8AC1F2492A4086750011CE3F /* VideoEncoderOptionsExtension.swift in Sources */ = {isa = PBXBuildFile; fileRef = 8AC1F2212A4086750011CE3F /* VideoEncoderOptionsExtension.swift */; };
		8AC1F24A2A4086750011CE3F /* PTZPreset.swift in Sources */ = {isa = PBXBuildFile; fileRef = 8AC1F2222A4086750011CE3F /* PTZPreset.swift */; };
		8AC1F24B2A4086750011CE3F /* Space2DDescription.swift in Sources */ = {isa = PBXBuildFile; fileRef = 8AC1F2232A4086750011CE3F /* Space2DDescription.swift */; };
		8AC1F24C2A4086750011CE3F /* FloatRange.swift in Sources */ = {isa = PBXBuildFile; fileRef = 8AC1F2242A4086750011CE3F /* FloatRange.swift */; };
		8AC1F24D2A4086750011CE3F /* VideoEncoding.swift in Sources */ = {isa = PBXBuildFile; fileRef = 8AC1F2252A4086750011CE3F /* VideoEncoding.swift */; };
		8AC1F24E2A4086750011CE3F /* Vector2D.swift in Sources */ = {isa = PBXBuildFile; fileRef = 8AC1F2262A4086750011CE3F /* Vector2D.swift */; };
		8AC1F24F2A4086750011CE3F /* IntRange.swift in Sources */ = {isa = PBXBuildFile; fileRef = 8AC1F2272A4086750011CE3F /* IntRange.swift */; };
		8AC1F2502A4086750011CE3F /* PTZMoveStatus.swift in Sources */ = {isa = PBXBuildFile; fileRef = 8AC1F2282A4086750011CE3F /* PTZMoveStatus.swift */; };
		8AC1F2512A4086750011CE3F /* PTZVector.swift in Sources */ = {isa = PBXBuildFile; fileRef = 8AC1F2292A4086750011CE3F /* PTZVector.swift */; };
		8AC1F2522A4086750011CE3F /* H264Configuration.swift in Sources */ = {isa = PBXBuildFile; fileRef = 8AC1F22A2A4086750011CE3F /* H264Configuration.swift */; };
		8AC1F2532A4086750011CE3F /* FocusConfiguration.swift in Sources */ = {isa = PBXBuildFile; fileRef = 8AC1F22B2A4086750011CE3F /* FocusConfiguration.swift */; };
		8AC1F2542A4086750011CE3F /* ImagingSettingsExtension.swift in Sources */ = {isa = PBXBuildFile; fileRef = 8AC1F22C2A4086750011CE3F /* ImagingSettingsExtension.swift */; };
		8AC1F2552A4086750011CE3F /* PTZNode.swift in Sources */ = {isa = PBXBuildFile; fileRef = 8AC1F22D2A4086750011CE3F /* PTZNode.swift */; };
		8AC1F2562A4086750011CE3F /* MoveOptions.swift in Sources */ = {isa = PBXBuildFile; fileRef = 8AC1F22F2A4086750011CE3F /* MoveOptions.swift */; };
		8AC1F2572A4086750011CE3F /* ImagingSettings.swift in Sources */ = {isa = PBXBuildFile; fileRef = 8AC1F2302A4086750011CE3F /* ImagingSettings.swift */; };
		8AC1F2582A4086750011CE3F /* ImagingOptions.swift in Sources */ = {isa = PBXBuildFile; fileRef = 8AC1F2312A4086750011CE3F /* ImagingOptions.swift */; };
		8AC1F2592A4086750011CE3F /* PTZStatus.swift in Sources */ = {isa = PBXBuildFile; fileRef = 8AC1F2332A4086750011CE3F /* PTZStatus.swift */; };
		8AC1F25A2A4086750011CE3F /* Capabilities.swift in Sources */ = {isa = PBXBuildFile; fileRef = 8AC1F2352A4086750011CE3F /* Capabilities.swift */; };
		8AC1F25B2A4086750011CE3F /* BasicInformation.swift in Sources */ = {isa = PBXBuildFile; fileRef = 8AC1F2362A4086750011CE3F /* BasicInformation.swift */; };
		8AC1F25C2A4086750011CE3F /* SoapFault.swift in Sources */ = {isa = PBXBuildFile; fileRef = 8AC1F2382A4086750011CE3F /* SoapFault.swift */; };
		8AC1F25D2A4086750011CE3F /* VideoEncoderConfigurationOptions.swift in Sources */ = {isa = PBXBuildFile; fileRef = 8AC1F23A2A4086750011CE3F /* VideoEncoderConfigurationOptions.swift */; };
		8AC1F25E2A4086750011CE3F /* VideoSourceConfiguration.swift in Sources */ = {isa = PBXBuildFile; fileRef = 8AC1F23B2A4086750011CE3F /* VideoSourceConfiguration.swift */; };
		8AC1F25F2A4086750011CE3F /* MediaUri.swift in Sources */ = {isa = PBXBuildFile; fileRef = 8AC1F23C2A4086750011CE3F /* MediaUri.swift */; };
		8AC1F2602A4086750011CE3F /* VideoEncoderConfiguration.swift in Sources */ = {isa = PBXBuildFile; fileRef = 8AC1F23D2A4086750011CE3F /* VideoEncoderConfiguration.swift */; };
		8AC1F2612A4086750011CE3F /* MediaProfile.swift in Sources */ = {isa = PBXBuildFile; fileRef = 8AC1F23E2A4086750011CE3F /* MediaProfile.swift */; };
		8AC1F2622A4086750011CE3F /* PTZConfiguration.swift in Sources */ = {isa = PBXBuildFile; fileRef = 8AC1F23F2A4086750011CE3F /* PTZConfiguration.swift */; };
		8AC1F2682A4086800011CE3F /* Result+success.swift in Sources */ = {isa = PBXBuildFile; fileRef = 8AC1F2642A4086800011CE3F /* Result+success.swift */; };
		8AC1F2692A4086800011CE3F /* OSLog+Onvif.swift in Sources */ = {isa = PBXBuildFile; fileRef = 8AC1F2652A4086800011CE3F /* OSLog+Onvif.swift */; };
		8AC1F26A2A4086800011CE3F /* MediaProfile+isConfiguredProperly.swift in Sources */ = {isa = PBXBuildFile; fileRef = 8AC1F2662A4086800011CE3F /* MediaProfile+isConfiguredProperly.swift */; };
		8AC1F26B2A4086800011CE3F /* Comparable+clamp.swift in Sources */ = {isa = PBXBuildFile; fileRef = 8AC1F2672A4086800011CE3F /* Comparable+clamp.swift */; };
		8AC1F26E2A4086860011CE3F /* Errors.swift in Sources */ = {isa = PBXBuildFile; fileRef = 8AC1F26D2A4086860011CE3F /* Errors.swift */; };
		8AC1F2722A4089210011CE3F /* Podfile in Resources */ = {isa = PBXBuildFile; fileRef = 8AC1F2712A4089210011CE3F /* Podfile */; };
		8AC1F2792A40943C0011CE3F /* Shortcut.swift in Sources */ = {isa = PBXBuildFile; fileRef = 8AC1F2782A40943C0011CE3F /* Shortcut.swift */; };
		8AC1F27B2A4094440011CE3F /* KeyHandler.swift in Sources */ = {isa = PBXBuildFile; fileRef = 8AC1F27A2A4094440011CE3F /* KeyHandler.swift */; };
		8AC1F27F2A41A4F70011CE3F /* CameraUSBViewController.swift in Sources */ = {isa = PBXBuildFile; fileRef = 8AC1F27E2A41A4F70011CE3F /* CameraUSBViewController.swift */; };
		8AC1F2822A41A7B00011CE3F /* MetalView.swift in Sources */ = {isa = PBXBuildFile; fileRef = 8AC1F2812A41A7B00011CE3F /* MetalView.swift */; };
		8AC1F2842A41A7C10011CE3F /* Shader.metal in Sources */ = {isa = PBXBuildFile; fileRef = 8AC1F2832A41A7C10011CE3F /* Shader.metal */; };
		8AC1F2862A41A9590011CE3F /* MetalViewHelper.swift in Sources */ = {isa = PBXBuildFile; fileRef = 8AC1F2852A41A9590011CE3F /* MetalViewHelper.swift */; };
		8AC1F2882A41AAAB0011CE3F /* Utility.swift in Sources */ = {isa = PBXBuildFile; fileRef = 8AC1F2872A41AAAB0011CE3F /* Utility.swift */; };
		8AD21B9A2A405BA60040BC64 /* AppDelegate.swift in Sources */ = {isa = PBXBuildFile; fileRef = 8AD21B992A405BA60040BC64 /* AppDelegate.swift */; };
		8AD21B9C2A405BA60040BC64 /* MainViewController.swift in Sources */ = {isa = PBXBuildFile; fileRef = 8AD21B9B2A405BA60040BC64 /* MainViewController.swift */; };
		8AD21B9E2A405BA70040BC64 /* Assets.xcassets in Resources */ = {isa = PBXBuildFile; fileRef = 8AD21B9D2A405BA70040BC64 /* Assets.xcassets */; };
		8AD21BA12A405BA70040BC64 /* Main.storyboard in Resources */ = {isa = PBXBuildFile; fileRef = 8AD21B9F2A405BA70040BC64 /* Main.storyboard */; };
		8AD21BAA2A405DDF0040BC64 /* CamerasViewController.swift in Sources */ = {isa = PBXBuildFile; fileRef = 8AD21BA92A405DDF0040BC64 /* CamerasViewController.swift */; };
		8AD21BAD2A405E7F0040BC64 /* CameraFinder.swift in Sources */ = {isa = PBXBuildFile; fileRef = 8AD21BAC2A405E7F0040BC64 /* CameraFinder.swift */; };
		8AD21BAF2A405F6A0040BC64 /* ToDo.rtf in Resources */ = {isa = PBXBuildFile; fileRef = 8AD21BAE2A405F6A0040BC64 /* ToDo.rtf */; };
		8AFFD2422A6014ED0058829C /* GStreamerBackend.m in Sources */ = {isa = PBXBuildFile; fileRef = 8AFFD2412A6014ED0058829C /* GStreamerBackend.m */; };
		8AFFD2482A601D5B0058829C /* Pods_MagniLink_MacViewer_4_0.framework in Frameworks */ = {isa = PBXBuildFile; fileRef = B2C6B1818EEBBC5B1A1C823D /* Pods_MagniLink_MacViewer_4_0.framework */; };
		8AFFD2602A6027C90058829C /* CameraController.swift in Sources */ = {isa = PBXBuildFile; fileRef = 8AFFD24D2A6027C90058829C /* CameraController.swift */; };
		8AFFD2612A6027C90058829C /* FloatSetting.swift in Sources */ = {isa = PBXBuildFile; fileRef = 8AFFD24F2A6027C90058829C /* FloatSetting.swift */; };
		8AFFD2622A6027C90058829C /* IntSetting.swift in Sources */ = {isa = PBXBuildFile; fileRef = 8AFFD2502A6027C90058829C /* IntSetting.swift */; };
		8AFFD2632A6027C90058829C /* PanDirection.swift in Sources */ = {isa = PBXBuildFile; fileRef = 8AFFD2512A6027C90058829C /* PanDirection.swift */; };
		8AFFD2642A6027C90058829C /* ZoomDirection.swift in Sources */ = {isa = PBXBuildFile; fileRef = 8AFFD2522A6027C90058829C /* ZoomDirection.swift */; };
		8AFFD2652A6027C90058829C /* PanTiltZoomDirections.swift in Sources */ = {isa = PBXBuildFile; fileRef = 8AFFD2532A6027C90058829C /* PanTiltZoomDirections.swift */; };
		8AFFD2662A6027C90058829C /* PanTiltZoomStatus.swift in Sources */ = {isa = PBXBuildFile; fileRef = 8AFFD2542A6027C90058829C /* PanTiltZoomStatus.swift */; };
		8AFFD2672A6027C90058829C /* License.swift in Sources */ = {isa = PBXBuildFile; fileRef = 8AFFD2552A6027C90058829C /* License.swift */; };
		8AFFD2682A6027C90058829C /* StreamSettings.swift in Sources */ = {isa = PBXBuildFile; fileRef = 8AFFD2562A6027C90058829C /* StreamSettings.swift */; };
		8AFFD2692A6027C90058829C /* FocusDirection.swift in Sources */ = {isa = PBXBuildFile; fileRef = 8AFFD2572A6027C90058829C /* FocusDirection.swift */; };
		8AFFD26A2A6027C90058829C /* TiltDirection.swift in Sources */ = {isa = PBXBuildFile; fileRef = 8AFFD2582A6027C90058829C /* TiltDirection.swift */; };
		8AFFD26B2A6027C90058829C /* CameraSettings.swift in Sources */ = {isa = PBXBuildFile; fileRef = 8AFFD2592A6027C90058829C /* CameraSettings.swift */; };
		8AFFD26C2A6027C90058829C /* String+CameraController.swift in Sources */ = {isa = PBXBuildFile; fileRef = 8AFFD25B2A6027C90058829C /* String+CameraController.swift */; };
		8AFFD26D2A6027C90058829C /* VideoEncoderConfigurationOptions+toStreamSettings.swift in Sources */ = {isa = PBXBuildFile; fileRef = 8AFFD25C2A6027C90058829C /* VideoEncoderConfigurationOptions+toStreamSettings.swift */; };
		8AFFD26E2A6027C90058829C /* PTZStatus+toPanTiltZoomStatus.swift in Sources */ = {isa = PBXBuildFile; fileRef = 8AFFD25D2A6027C90058829C /* PTZStatus+toPanTiltZoomStatus.swift */; };
		8AFFD26F2A6027C90058829C /* ImagingOptions+toCameraSettings.swift in Sources */ = {isa = PBXBuildFile; fileRef = 8AFFD25E2A6027C90058829C /* ImagingOptions+toCameraSettings.swift */; };
		8AFFD2712A6027FC0058829C /* AirCameraController.swift in Sources */ = {isa = PBXBuildFile; fileRef = 8AFFD2702A6027FC0058829C /* AirCameraController.swift */; };
		8AFFD3D02A613D1C0058829C /* libLVICameraControl.a in Frameworks */ = {isa = PBXBuildFile; fileRef = 8AFFD3CD2A613CD90058829C /* libLVICameraControl.a */; };
		8AFFD3D42A614AE30058829C /* EUCModel.swift in Sources */ = {isa = PBXBuildFile; fileRef = 8AFFD3D32A614AE30058829C /* EUCModel.swift */; };
		8AFFD3D72A614B420058829C /* ColorModels.swift in Sources */ = {isa = PBXBuildFile; fileRef = 8AFFD3D62A614B420058829C /* ColorModels.swift */; };
		8AFFD3D92A614B7C0058829C /* CameraModel.swift in Sources */ = {isa = PBXBuildFile; fileRef = 8AFFD3D82A614B7C0058829C /* CameraModel.swift */; };
		8AFFD3DB2A614BE30058829C /* SpeechModel.swift in Sources */ = {isa = PBXBuildFile; fileRef = 8AFFD3DA2A614BE30058829C /* SpeechModel.swift */; };
		8AFFD3DD2A614D840058829C /* ReflineCurtain.swift in Sources */ = {isa = PBXBuildFile; fileRef = 8AFFD3DC2A614D840058829C /* ReflineCurtain.swift */; };
/* End PBXBuildFile section */

/* Begin PBXContainerItemProxy section */
		8AFFD3CC2A613CD90058829C /* PBXContainerItemProxy */ = {
			isa = PBXContainerItemProxy;
			containerPortal = 8AFFD3C72A613CD90058829C /* LVICameraControl.xcodeproj */;
			proxyType = 2;
			remoteGlobalIDString = D2AAC07E0554694100DB518D;
			remoteInfo = LVICameraControl;
		};
		8AFFD3CE2A613CD90058829C /* PBXContainerItemProxy */ = {
			isa = PBXContainerItemProxy;
			containerPortal = 8AFFD3C72A613CD90058829C /* LVICameraControl.xcodeproj */;
			proxyType = 2;
			remoteGlobalIDString = E6C62BD91133BF0E00D0CE1B;
			remoteInfo = UnitTests;
		};
/* End PBXContainerItemProxy section */

/* Begin PBXFileReference section */
		8A164DA72AEA7A7F00F2B9A4 /* VideoRecorder.swift */ = {isa = PBXFileReference; lastKnownFileType = sourcecode.swift; path = VideoRecorder.swift; sourceTree = "<group>"; };
		8A164DAE2AEB96B500F2B9A4 /* MyRibbonView.h */ = {isa = PBXFileReference; fileEncoding = 4; lastKnownFileType = sourcecode.c.h; path = MyRibbonView.h; sourceTree = "<group>"; };
		8A164DB02AEB96B600F2B9A4 /* focus2.png */ = {isa = PBXFileReference; lastKnownFileType = image.png; path = focus2.png; sourceTree = "<group>"; };
		8A164DB12AEB96B600F2B9A4 /* down2.png */ = {isa = PBXFileReference; lastKnownFileType = image.png; path = down2.png; sourceTree = "<group>"; };
		8A164DB22AEB96B600F2B9A4 /* change_window2.png */ = {isa = PBXFileReference; lastKnownFileType = image.png; path = change_window2.png; sourceTree = "<group>"; };
		8A164DB32AEB96B600F2B9A4 /* change_split_size_right.png */ = {isa = PBXFileReference; lastKnownFileType = image.png; path = change_split_size_right.png; sourceTree = "<group>"; };
		8A164DB42AEB96B600F2B9A4 /* magniplus2.png */ = {isa = PBXFileReference; lastKnownFileType = image.png; path = magniplus2.png; sourceTree = "<group>"; };
		8A164DB52AEB96B600F2B9A4 /* ocr2.png */ = {isa = PBXFileReference; lastKnownFileType = image.png; path = ocr2.png; sourceTree = "<group>"; };
		8A164DB62AEB96B600F2B9A4 /* open2.png */ = {isa = PBXFileReference; lastKnownFileType = image.png; path = open2.png; sourceTree = "<group>"; };
		8A164DB72AEB96B600F2B9A4 /* magniminus2.png */ = {isa = PBXFileReference; lastKnownFileType = image.png; path = magniminus2.png; sourceTree = "<group>"; };
		8A164DB82AEB96B600F2B9A4 /* camera2.png */ = {isa = PBXFileReference; lastKnownFileType = image.png; path = camera2.png; sourceTree = "<group>"; };
		8A164DB92AEB96B600F2B9A4 /* change_split_size_left.png */ = {isa = PBXFileReference; lastKnownFileType = image.png; path = change_split_size_left.png; sourceTree = "<group>"; };
		8A164DBA2AEB96B600F2B9A4 /* switch_camera22.png */ = {isa = PBXFileReference; lastKnownFileType = image.png; path = switch_camera22.png; sourceTree = "<group>"; };
		8A164DBB2AEB96B600F2B9A4 /* navigation12.png */ = {isa = PBXFileReference; lastKnownFileType = image.png; path = navigation12.png; sourceTree = "<group>"; };
		8A164DBC2AEB96B600F2B9A4 /* left2.png */ = {isa = PBXFileReference; lastKnownFileType = image.png; path = left2.png; sourceTree = "<group>"; };
		8A164DBD2AEB96B600F2B9A4 /* change_split2V.png */ = {isa = PBXFileReference; lastKnownFileType = image.png; path = change_split2V.png; sourceTree = "<group>"; };
		8A164DBE2AEB96B600F2B9A4 /* three2.png */ = {isa = PBXFileReference; lastKnownFileType = image.png; path = three2.png; sourceTree = "<group>"; };
		8A164DBF2AEB96B600F2B9A4 /* rotate2.png */ = {isa = PBXFileReference; lastKnownFileType = image.png; path = rotate2.png; sourceTree = "<group>"; };
		8A164DC02AEB96B600F2B9A4 /* halfmoon2.png */ = {isa = PBXFileReference; lastKnownFileType = image.png; path = halfmoon2.png; sourceTree = "<group>"; };
		8A164DC12AEB96B600F2B9A4 /* one2.png */ = {isa = PBXFileReference; lastKnownFileType = image.png; path = one2.png; sourceTree = "<group>"; };
		8A164DC22AEB96B600F2B9A4 /* up2.png */ = {isa = PBXFileReference; lastKnownFileType = image.png; path = up2.png; sourceTree = "<group>"; };
		8A164DC32AEB96B600F2B9A4 /* two2.png */ = {isa = PBXFileReference; lastKnownFileType = image.png; path = two2.png; sourceTree = "<group>"; };
		8A164DC42AEB96B600F2B9A4 /* paus2.png */ = {isa = PBXFileReference; lastKnownFileType = image.png; path = paus2.png; sourceTree = "<group>"; };
		8A164DC52AEB96B600F2B9A4 /* quiet2.png */ = {isa = PBXFileReference; lastKnownFileType = image.png; path = quiet2.png; sourceTree = "<group>"; };
		8A164DC62AEB96B600F2B9A4 /* sunsmall2.png */ = {isa = PBXFileReference; lastKnownFileType = image.png; path = sunsmall2.png; sourceTree = "<group>"; };
		8A164DC72AEB96B600F2B9A4 /* navigation42.png */ = {isa = PBXFileReference; lastKnownFileType = image.png; path = navigation42.png; sourceTree = "<group>"; };
		8A164DC82AEB96B600F2B9A4 /* forward.png */ = {isa = PBXFileReference; lastKnownFileType = image.png; path = forward.png; sourceTree = "<group>"; };
		8A164DC92AEB96B600F2B9A4 /* close_save2.png */ = {isa = PBXFileReference; lastKnownFileType = image.png; path = close_save2.png; sourceTree = "<group>"; };
		8A164DCA2AEB96B600F2B9A4 /* light_down2.png */ = {isa = PBXFileReference; lastKnownFileType = image.png; path = light_down2.png; sourceTree = "<group>"; };
		8A164DCB2AEB96B600F2B9A4 /* video2.png */ = {isa = PBXFileReference; lastKnownFileType = image.png; path = video2.png; sourceTree = "<group>"; };
		8A164DCC2AEB96B600F2B9A4 /* video.jpg */ = {isa = PBXFileReference; lastKnownFileType = image.jpeg; path = video.jpg; sourceTree = "<group>"; };
		8A164DCD2AEB96B600F2B9A4 /* right2.png */ = {isa = PBXFileReference; lastKnownFileType = image.png; path = right2.png; sourceTree = "<group>"; };
		8A164DCE2AEB96B600F2B9A4 /* sunlarge2.png */ = {isa = PBXFileReference; lastKnownFileType = image.png; path = sunlarge2.png; sourceTree = "<group>"; };
		8A164DCF2AEB96B600F2B9A4 /* help2.png */ = {isa = PBXFileReference; lastKnownFileType = image.png; path = help2.png; sourceTree = "<group>"; };
		8A164DD02AEB96B600F2B9A4 /* navigation22.png */ = {isa = PBXFileReference; lastKnownFileType = image.png; path = navigation22.png; sourceTree = "<group>"; };
		8A164DD12AEB96B600F2B9A4 /* letter2.png */ = {isa = PBXFileReference; lastKnownFileType = image.png; path = letter2.png; sourceTree = "<group>"; };
		8A164DD22AEB96B600F2B9A4 /* next.png */ = {isa = PBXFileReference; lastKnownFileType = image.png; path = next.png; sourceTree = "<group>"; };
		8A164DD32AEB96B600F2B9A4 /* button_pin2.png */ = {isa = PBXFileReference; lastKnownFileType = image.png; path = button_pin2.png; sourceTree = "<group>"; };
		8A164DD42AEB96B600F2B9A4 /* mirror2.png */ = {isa = PBXFileReference; lastKnownFileType = image.png; path = mirror2.png; sourceTree = "<group>"; };
		8A164DD52AEB96B600F2B9A4 /* switch_sources.png */ = {isa = PBXFileReference; lastKnownFileType = image.png; path = switch_sources.png; sourceTree = "<group>"; };
		8A164DD62AEB96B600F2B9A4 /* previous.png */ = {isa = PBXFileReference; lastKnownFileType = image.png; path = previous.png; sourceTree = "<group>"; };
		8A164DD72AEB96B600F2B9A4 /* focus_up2.png */ = {isa = PBXFileReference; lastKnownFileType = image.png; path = focus_up2.png; sourceTree = "<group>"; };
		8A164DD82AEB96B600F2B9A4 /* light_up2.png */ = {isa = PBXFileReference; lastKnownFileType = image.png; path = light_up2.png; sourceTree = "<group>"; };
		8A164DD92AEB96B600F2B9A4 /* back.png */ = {isa = PBXFileReference; lastKnownFileType = image.png; path = back.png; sourceTree = "<group>"; };
		8A164DDA2AEB96B600F2B9A4 /* stop2.png */ = {isa = PBXFileReference; lastKnownFileType = image.png; path = stop2.png; sourceTree = "<group>"; };
		8A164DDB2AEB96B600F2B9A4 /* focus_down2.png */ = {isa = PBXFileReference; lastKnownFileType = image.png; path = focus_down2.png; sourceTree = "<group>"; };
		8A164DDC2AEB96B600F2B9A4 /* navigation32.png */ = {isa = PBXFileReference; lastKnownFileType = image.png; path = navigation32.png; sourceTree = "<group>"; };
		8A164DDD2AEB96B600F2B9A4 /* play2.png */ = {isa = PBXFileReference; lastKnownFileType = image.png; path = play2.png; sourceTree = "<group>"; };
		8A164DDE2AEB96B600F2B9A4 /* stripedmoon2.png */ = {isa = PBXFileReference; lastKnownFileType = image.png; path = stripedmoon2.png; sourceTree = "<group>"; };
		8A164DE02AEB96B600F2B9A4 /* MyPagesView.m */ = {isa = PBXFileReference; fileEncoding = 4; lastKnownFileType = sourcecode.c.objc; path = MyPagesView.m; sourceTree = "<group>"; };
		8A164DE12AEB96B600F2B9A4 /* MyPagesView.h */ = {isa = PBXFileReference; fileEncoding = 4; lastKnownFileType = sourcecode.c.h; path = MyPagesView.h; sourceTree = "<group>"; };
		8A164DE32AEB96B600F2B9A4 /* MyButtonView.m */ = {isa = PBXFileReference; fileEncoding = 4; lastKnownFileType = sourcecode.c.objc; path = MyButtonView.m; sourceTree = "<group>"; };
		8A164DE42AEB96B600F2B9A4 /* MyButtonView.h */ = {isa = PBXFileReference; fileEncoding = 4; lastKnownFileType = sourcecode.c.h; path = MyButtonView.h; sourceTree = "<group>"; };
		8A164DE62AEB96B600F2B9A4 /* MyCheckBoxView.m */ = {isa = PBXFileReference; fileEncoding = 4; lastKnownFileType = sourcecode.c.objc; path = MyCheckBoxView.m; sourceTree = "<group>"; };
		8A164DE72AEB96B600F2B9A4 /* MyCheckBoxView.h */ = {isa = PBXFileReference; fileEncoding = 4; lastKnownFileType = sourcecode.c.h; path = MyCheckBoxView.h; sourceTree = "<group>"; };
		8A164DE82AEB96B600F2B9A4 /* MySizes.h */ = {isa = PBXFileReference; fileEncoding = 4; lastKnownFileType = sourcecode.c.h; path = MySizes.h; sourceTree = "<group>"; };
		8A164DEA2AEB96B600F2B9A4 /* MyScrollButton.h */ = {isa = PBXFileReference; fileEncoding = 4; lastKnownFileType = sourcecode.c.h; path = MyScrollButton.h; sourceTree = "<group>"; };
		8A164DEB2AEB96B600F2B9A4 /* MyScrollView.h */ = {isa = PBXFileReference; fileEncoding = 4; lastKnownFileType = sourcecode.c.h; path = MyScrollView.h; sourceTree = "<group>"; };
		8A164DEC2AEB96B600F2B9A4 /* MyScrollView.m */ = {isa = PBXFileReference; fileEncoding = 4; lastKnownFileType = sourcecode.c.objc; path = MyScrollView.m; sourceTree = "<group>"; };
		8A164DED2AEB96B600F2B9A4 /* MyScrollButton.m */ = {isa = PBXFileReference; fileEncoding = 4; lastKnownFileType = sourcecode.c.objc; path = MyScrollButton.m; sourceTree = "<group>"; };
		8A164DEE2AEB96B600F2B9A4 /* ScreenShot.m */ = {isa = PBXFileReference; fileEncoding = 4; lastKnownFileType = sourcecode.c.objc; path = ScreenShot.m; sourceTree = "<group>"; };
		8A164DF02AEB96B600F2B9A4 /* MyButtonBarView.h */ = {isa = PBXFileReference; fileEncoding = 4; lastKnownFileType = sourcecode.c.h; path = MyButtonBarView.h; sourceTree = "<group>"; };
		8A164DF12AEB96B600F2B9A4 /* MyGrabberButtonBarView.h */ = {isa = PBXFileReference; fileEncoding = 4; lastKnownFileType = sourcecode.c.h; path = MyGrabberButtonBarView.h; sourceTree = "<group>"; };
		8A164DF22AEB96B600F2B9A4 /* MyCameraButtonBarView.h */ = {isa = PBXFileReference; fileEncoding = 4; lastKnownFileType = sourcecode.c.h; path = MyCameraButtonBarView.h; sourceTree = "<group>"; };
		8A164DF32AEB96B600F2B9A4 /* MyOCRButtonBarView.m */ = {isa = PBXFileReference; fileEncoding = 4; lastKnownFileType = sourcecode.c.objc; path = MyOCRButtonBarView.m; sourceTree = "<group>"; };
		8A164DF42AEB96B600F2B9A4 /* MyGrabberButtonBarView.m */ = {isa = PBXFileReference; fileEncoding = 4; lastKnownFileType = sourcecode.c.objc; path = MyGrabberButtonBarView.m; sourceTree = "<group>"; };
		8A164DF52AEB96B600F2B9A4 /* MyButtonBarView.m */ = {isa = PBXFileReference; fileEncoding = 4; lastKnownFileType = sourcecode.c.objc; path = MyButtonBarView.m; sourceTree = "<group>"; };
		8A164DF62AEB96B600F2B9A4 /* MyCameraButtonBarView.m */ = {isa = PBXFileReference; fileEncoding = 4; lastKnownFileType = sourcecode.c.objc; path = MyCameraButtonBarView.m; sourceTree = "<group>"; };
		8A164DF72AEB96B600F2B9A4 /* MyOCRButtonBarView.h */ = {isa = PBXFileReference; fileEncoding = 4; lastKnownFileType = sourcecode.c.h; path = MyOCRButtonBarView.h; sourceTree = "<group>"; };
		8A164DF82AEB96B600F2B9A4 /* ScreenShot.h */ = {isa = PBXFileReference; fileEncoding = 4; lastKnownFileType = sourcecode.c.h; path = ScreenShot.h; sourceTree = "<group>"; };
		8A164DF92AEB96B600F2B9A4 /* MyRibbonView.m */ = {isa = PBXFileReference; fileEncoding = 4; lastKnownFileType = sourcecode.c.objc; path = MyRibbonView.m; sourceTree = "<group>"; };
		8A164DFB2AEB96B600F2B9A4 /* MySliderControl.m */ = {isa = PBXFileReference; fileEncoding = 4; lastKnownFileType = sourcecode.c.objc; path = MySliderControl.m; sourceTree = "<group>"; };
		8A164DFC2AEB96B600F2B9A4 /* MySliderControl.h */ = {isa = PBXFileReference; fileEncoding = 4; lastKnownFileType = sourcecode.c.h; path = MySliderControl.h; sourceTree = "<group>"; };
		8A164DFD2AEB96B600F2B9A4 /* MySizes.m */ = {isa = PBXFileReference; fileEncoding = 4; lastKnownFileType = sourcecode.c.objc; path = MySizes.m; sourceTree = "<group>"; };
		8A164E3A2AEB982600F2B9A4 /* Localization.h */ = {isa = PBXFileReference; fileEncoding = 4; lastKnownFileType = sourcecode.c.h; path = Localization.h; sourceTree = "<group>"; };
		8A164E3B2AEB982600F2B9A4 /* Localization.m */ = {isa = PBXFileReference; fileEncoding = 4; lastKnownFileType = sourcecode.c.objc; path = Localization.m; sourceTree = "<group>"; };
		8A164E3D2AEBE4D700F2B9A4 /* PhotoCapture.swift */ = {isa = PBXFileReference; lastKnownFileType = sourcecode.swift; path = PhotoCapture.swift; sourceTree = "<group>"; };
		8AC1F1F12A40749C0011CE3F /* CameraManager.swift */ = {isa = PBXFileReference; lastKnownFileType = sourcecode.swift; path = CameraManager.swift; sourceTree = "<group>"; };
		8AC1F1F32A4074D10011CE3F /* CameraBaseViewController.swift */ = {isa = PBXFileReference; lastKnownFileType = sourcecode.swift; path = CameraBaseViewController.swift; sourceTree = "<group>"; };
		8AC1F1F72A4075270011CE3F /* TwigaCameraViewController.swift */ = {isa = PBXFileReference; lastKnownFileType = sourcecode.swift; path = TwigaCameraViewController.swift; sourceTree = "<group>"; };
		8AC1F1F92A4075810011CE3F /* LVICameraViewController.swift */ = {isa = PBXFileReference; lastKnownFileType = sourcecode.swift; path = LVICameraViewController.swift; sourceTree = "<group>"; };
		8AC1F1FD2A4076290011CE3F /* CameraAirViewController.swift */ = {isa = PBXFileReference; lastKnownFileType = sourcecode.swift; path = CameraAirViewController.swift; sourceTree = "<group>"; };
		8AC1F2022A4076820011CE3F /* VideoCapture.swift */ = {isa = PBXFileReference; lastKnownFileType = sourcecode.swift; path = VideoCapture.swift; sourceTree = "<group>"; };
		8AC1F2042A4078990011CE3F /* CameraAirDistanceViewController.swift */ = {isa = PBXFileReference; lastKnownFileType = sourcecode.swift; path = CameraAirDistanceViewController.swift; sourceTree = "<group>"; };
		8AC1F2082A4078B40011CE3F /* CameraAirReadingViewController.swift */ = {isa = PBXFileReference; lastKnownFileType = sourcecode.swift; path = CameraAirReadingViewController.swift; sourceTree = "<group>"; };
		8AC1F20A2A407A630011CE3F /* Enums.swift */ = {isa = PBXFileReference; lastKnownFileType = sourcecode.swift; path = Enums.swift; sourceTree = "<group>"; };
		8AC1F20C2A407D530011CE3F /* Extension.swift */ = {isa = PBXFileReference; lastKnownFileType = sourcecode.swift; path = Extension.swift; sourceTree = "<group>"; };
		8AC1F2102A407E8E0011CE3F /* Preferences.swift */ = {isa = PBXFileReference; lastKnownFileType = sourcecode.swift; path = Preferences.swift; sourceTree = "<group>"; };
		8AC1F2132A4086480011CE3F /* Onvif.swift */ = {isa = PBXFileReference; fileEncoding = 4; lastKnownFileType = sourcecode.swift; path = Onvif.swift; sourceTree = "<group>"; };
		8AC1F2182A4086750011CE3F /* VideoResolution.swift */ = {isa = PBXFileReference; fileEncoding = 4; lastKnownFileType = sourcecode.swift; path = VideoResolution.swift; sourceTree = "<group>"; };
		8AC1F2192A4086750011CE3F /* VideoRateControl.swift */ = {isa = PBXFileReference; fileEncoding = 4; lastKnownFileType = sourcecode.swift; path = VideoRateControl.swift; sourceTree = "<group>"; };
		8AC1F21A2A4086750011CE3F /* Space1DDescription.swift */ = {isa = PBXFileReference; fileEncoding = 4; lastKnownFileType = sourcecode.swift; path = Space1DDescription.swift; sourceTree = "<group>"; };
		8AC1F21B2A4086750011CE3F /* H264Profile.swift */ = {isa = PBXFileReference; fileEncoding = 4; lastKnownFileType = sourcecode.swift; path = H264Profile.swift; sourceTree = "<group>"; };
		8AC1F21C2A4086750011CE3F /* Bounds.swift */ = {isa = PBXFileReference; fileEncoding = 4; lastKnownFileType = sourcecode.swift; path = Bounds.swift; sourceTree = "<group>"; };
		8AC1F21D2A4086750011CE3F /* FocusOptions.swift */ = {isa = PBXFileReference; fileEncoding = 4; lastKnownFileType = sourcecode.swift; path = FocusOptions.swift; sourceTree = "<group>"; };
		8AC1F21E2A4086750011CE3F /* Vector1D.swift */ = {isa = PBXFileReference; fileEncoding = 4; lastKnownFileType = sourcecode.swift; path = Vector1D.swift; sourceTree = "<group>"; };
		8AC1F21F2A4086750011CE3F /* H264Options.swift */ = {isa = PBXFileReference; fileEncoding = 4; lastKnownFileType = sourcecode.swift; path = H264Options.swift; sourceTree = "<group>"; };
		8AC1F2202A4086750011CE3F /* H264Options2.swift */ = {isa = PBXFileReference; fileEncoding = 4; lastKnownFileType = sourcecode.swift; path = H264Options2.swift; sourceTree = "<group>"; };
		8AC1F2212A4086750011CE3F /* VideoEncoderOptionsExtension.swift */ = {isa = PBXFileReference; fileEncoding = 4; lastKnownFileType = sourcecode.swift; path = VideoEncoderOptionsExtension.swift; sourceTree = "<group>"; };
		8AC1F2222A4086750011CE3F /* PTZPreset.swift */ = {isa = PBXFileReference; fileEncoding = 4; lastKnownFileType = sourcecode.swift; path = PTZPreset.swift; sourceTree = "<group>"; };
		8AC1F2232A4086750011CE3F /* Space2DDescription.swift */ = {isa = PBXFileReference; fileEncoding = 4; lastKnownFileType = sourcecode.swift; path = Space2DDescription.swift; sourceTree = "<group>"; };
		8AC1F2242A4086750011CE3F /* FloatRange.swift */ = {isa = PBXFileReference; fileEncoding = 4; lastKnownFileType = sourcecode.swift; path = FloatRange.swift; sourceTree = "<group>"; };
		8AC1F2252A4086750011CE3F /* VideoEncoding.swift */ = {isa = PBXFileReference; fileEncoding = 4; lastKnownFileType = sourcecode.swift; path = VideoEncoding.swift; sourceTree = "<group>"; };
		8AC1F2262A4086750011CE3F /* Vector2D.swift */ = {isa = PBXFileReference; fileEncoding = 4; lastKnownFileType = sourcecode.swift; path = Vector2D.swift; sourceTree = "<group>"; };
		8AC1F2272A4086750011CE3F /* IntRange.swift */ = {isa = PBXFileReference; fileEncoding = 4; lastKnownFileType = sourcecode.swift; path = IntRange.swift; sourceTree = "<group>"; };
		8AC1F2282A4086750011CE3F /* PTZMoveStatus.swift */ = {isa = PBXFileReference; fileEncoding = 4; lastKnownFileType = sourcecode.swift; path = PTZMoveStatus.swift; sourceTree = "<group>"; };
		8AC1F2292A4086750011CE3F /* PTZVector.swift */ = {isa = PBXFileReference; fileEncoding = 4; lastKnownFileType = sourcecode.swift; path = PTZVector.swift; sourceTree = "<group>"; };
		8AC1F22A2A4086750011CE3F /* H264Configuration.swift */ = {isa = PBXFileReference; fileEncoding = 4; lastKnownFileType = sourcecode.swift; path = H264Configuration.swift; sourceTree = "<group>"; };
		8AC1F22B2A4086750011CE3F /* FocusConfiguration.swift */ = {isa = PBXFileReference; fileEncoding = 4; lastKnownFileType = sourcecode.swift; path = FocusConfiguration.swift; sourceTree = "<group>"; };
		8AC1F22C2A4086750011CE3F /* ImagingSettingsExtension.swift */ = {isa = PBXFileReference; fileEncoding = 4; lastKnownFileType = sourcecode.swift; path = ImagingSettingsExtension.swift; sourceTree = "<group>"; };
		8AC1F22D2A4086750011CE3F /* PTZNode.swift */ = {isa = PBXFileReference; fileEncoding = 4; lastKnownFileType = sourcecode.swift; path = PTZNode.swift; sourceTree = "<group>"; };
		8AC1F22F2A4086750011CE3F /* MoveOptions.swift */ = {isa = PBXFileReference; fileEncoding = 4; lastKnownFileType = sourcecode.swift; path = MoveOptions.swift; sourceTree = "<group>"; };
		8AC1F2302A4086750011CE3F /* ImagingSettings.swift */ = {isa = PBXFileReference; fileEncoding = 4; lastKnownFileType = sourcecode.swift; path = ImagingSettings.swift; sourceTree = "<group>"; };
		8AC1F2312A4086750011CE3F /* ImagingOptions.swift */ = {isa = PBXFileReference; fileEncoding = 4; lastKnownFileType = sourcecode.swift; path = ImagingOptions.swift; sourceTree = "<group>"; };
		8AC1F2332A4086750011CE3F /* PTZStatus.swift */ = {isa = PBXFileReference; fileEncoding = 4; lastKnownFileType = sourcecode.swift; path = PTZStatus.swift; sourceTree = "<group>"; };
		8AC1F2352A4086750011CE3F /* Capabilities.swift */ = {isa = PBXFileReference; fileEncoding = 4; lastKnownFileType = sourcecode.swift; path = Capabilities.swift; sourceTree = "<group>"; };
		8AC1F2362A4086750011CE3F /* BasicInformation.swift */ = {isa = PBXFileReference; fileEncoding = 4; lastKnownFileType = sourcecode.swift; path = BasicInformation.swift; sourceTree = "<group>"; };
		8AC1F2382A4086750011CE3F /* SoapFault.swift */ = {isa = PBXFileReference; fileEncoding = 4; lastKnownFileType = sourcecode.swift; path = SoapFault.swift; sourceTree = "<group>"; };
		8AC1F23A2A4086750011CE3F /* VideoEncoderConfigurationOptions.swift */ = {isa = PBXFileReference; fileEncoding = 4; lastKnownFileType = sourcecode.swift; path = VideoEncoderConfigurationOptions.swift; sourceTree = "<group>"; };
		8AC1F23B2A4086750011CE3F /* VideoSourceConfiguration.swift */ = {isa = PBXFileReference; fileEncoding = 4; lastKnownFileType = sourcecode.swift; path = VideoSourceConfiguration.swift; sourceTree = "<group>"; };
		8AC1F23C2A4086750011CE3F /* MediaUri.swift */ = {isa = PBXFileReference; fileEncoding = 4; lastKnownFileType = sourcecode.swift; path = MediaUri.swift; sourceTree = "<group>"; };
		8AC1F23D2A4086750011CE3F /* VideoEncoderConfiguration.swift */ = {isa = PBXFileReference; fileEncoding = 4; lastKnownFileType = sourcecode.swift; path = VideoEncoderConfiguration.swift; sourceTree = "<group>"; };
		8AC1F23E2A4086750011CE3F /* MediaProfile.swift */ = {isa = PBXFileReference; fileEncoding = 4; lastKnownFileType = sourcecode.swift; path = MediaProfile.swift; sourceTree = "<group>"; };
		8AC1F23F2A4086750011CE3F /* PTZConfiguration.swift */ = {isa = PBXFileReference; fileEncoding = 4; lastKnownFileType = sourcecode.swift; path = PTZConfiguration.swift; sourceTree = "<group>"; };
		8AC1F2642A4086800011CE3F /* Result+success.swift */ = {isa = PBXFileReference; fileEncoding = 4; lastKnownFileType = sourcecode.swift; path = "Result+success.swift"; sourceTree = "<group>"; };
		8AC1F2652A4086800011CE3F /* OSLog+Onvif.swift */ = {isa = PBXFileReference; fileEncoding = 4; lastKnownFileType = sourcecode.swift; path = "OSLog+Onvif.swift"; sourceTree = "<group>"; };
		8AC1F2662A4086800011CE3F /* MediaProfile+isConfiguredProperly.swift */ = {isa = PBXFileReference; fileEncoding = 4; lastKnownFileType = sourcecode.swift; path = "MediaProfile+isConfiguredProperly.swift"; sourceTree = "<group>"; };
		8AC1F2672A4086800011CE3F /* Comparable+clamp.swift */ = {isa = PBXFileReference; fileEncoding = 4; lastKnownFileType = sourcecode.swift; path = "Comparable+clamp.swift"; sourceTree = "<group>"; };
		8AC1F26D2A4086860011CE3F /* Errors.swift */ = {isa = PBXFileReference; fileEncoding = 4; lastKnownFileType = sourcecode.swift; path = Errors.swift; sourceTree = "<group>"; };
		8AC1F2712A4089210011CE3F /* Podfile */ = {isa = PBXFileReference; fileEncoding = 4; lastKnownFileType = text; path = Podfile; sourceTree = SOURCE_ROOT; xcLanguageSpecificationIdentifier = xcode.lang.ruby; };
		8AC1F2782A40943C0011CE3F /* Shortcut.swift */ = {isa = PBXFileReference; fileEncoding = 4; lastKnownFileType = sourcecode.swift; path = Shortcut.swift; sourceTree = "<group>"; };
		8AC1F27A2A4094440011CE3F /* KeyHandler.swift */ = {isa = PBXFileReference; fileEncoding = 4; lastKnownFileType = sourcecode.swift; path = KeyHandler.swift; sourceTree = "<group>"; };
		8AC1F27E2A41A4F70011CE3F /* CameraUSBViewController.swift */ = {isa = PBXFileReference; lastKnownFileType = sourcecode.swift; path = CameraUSBViewController.swift; sourceTree = "<group>"; };
		8AC1F2812A41A7B00011CE3F /* MetalView.swift */ = {isa = PBXFileReference; lastKnownFileType = sourcecode.swift; path = MetalView.swift; sourceTree = "<group>"; };
		8AC1F2832A41A7C10011CE3F /* Shader.metal */ = {isa = PBXFileReference; lastKnownFileType = sourcecode.metal; path = Shader.metal; sourceTree = "<group>"; };
		8AC1F2852A41A9590011CE3F /* MetalViewHelper.swift */ = {isa = PBXFileReference; lastKnownFileType = sourcecode.swift; path = MetalViewHelper.swift; sourceTree = "<group>"; };
		8AC1F2872A41AAAB0011CE3F /* Utility.swift */ = {isa = PBXFileReference; lastKnownFileType = sourcecode.swift; path = Utility.swift; sourceTree = "<group>"; };
		8AD21B962A405BA60040BC64 /* MagniLink MacViewer 4.0.app */ = {isa = PBXFileReference; explicitFileType = wrapper.application; includeInIndex = 0; path = "MagniLink MacViewer 4.0.app"; sourceTree = BUILT_PRODUCTS_DIR; };
		8AD21B992A405BA60040BC64 /* AppDelegate.swift */ = {isa = PBXFileReference; lastKnownFileType = sourcecode.swift; path = AppDelegate.swift; sourceTree = "<group>"; };
		8AD21B9B2A405BA60040BC64 /* MainViewController.swift */ = {isa = PBXFileReference; lastKnownFileType = sourcecode.swift; path = MainViewController.swift; sourceTree = "<group>"; };
		8AD21B9D2A405BA70040BC64 /* Assets.xcassets */ = {isa = PBXFileReference; lastKnownFileType = folder.assetcatalog; path = Assets.xcassets; sourceTree = "<group>"; };
		8AD21BA02A405BA70040BC64 /* Base */ = {isa = PBXFileReference; lastKnownFileType = file.storyboard; name = Base; path = Base.lproj/Main.storyboard; sourceTree = "<group>"; };
		8AD21BA22A405BA70040BC64 /* MagniLink_MacViewer_4_0.entitlements */ = {isa = PBXFileReference; lastKnownFileType = text.plist.entitlements; path = MagniLink_MacViewer_4_0.entitlements; sourceTree = "<group>"; };
		8AD21BA92A405DDF0040BC64 /* CamerasViewController.swift */ = {isa = PBXFileReference; lastKnownFileType = sourcecode.swift; path = CamerasViewController.swift; sourceTree = "<group>"; };
		8AD21BAC2A405E7F0040BC64 /* CameraFinder.swift */ = {isa = PBXFileReference; lastKnownFileType = sourcecode.swift; path = CameraFinder.swift; sourceTree = "<group>"; };
		8AD21BAE2A405F6A0040BC64 /* ToDo.rtf */ = {isa = PBXFileReference; lastKnownFileType = text.rtf; path = ToDo.rtf; sourceTree = "<group>"; };
		8AFFD23F2A6014ED0058829C /* MagniLink MacViewer 4.0-Bridging-Header.h */ = {isa = PBXFileReference; lastKnownFileType = sourcecode.c.h; path = "MagniLink MacViewer 4.0-Bridging-Header.h"; sourceTree = "<group>"; };
		8AFFD2402A6014ED0058829C /* GStreamerBackend.h */ = {isa = PBXFileReference; lastKnownFileType = sourcecode.c.h; path = GStreamerBackend.h; sourceTree = "<group>"; };
		8AFFD2412A6014ED0058829C /* GStreamerBackend.m */ = {isa = PBXFileReference; lastKnownFileType = sourcecode.c.objc; path = GStreamerBackend.m; sourceTree = "<group>"; };
		8AFFD2432A6015270058829C /* GStreamerBackendDelegate.h */ = {isa = PBXFileReference; lastKnownFileType = sourcecode.c.h; path = GStreamerBackendDelegate.h; sourceTree = "<group>"; };
		8AFFD2442A60165E0058829C /* GStreamer.framework */ = {isa = PBXFileReference; lastKnownFileType = wrapper.framework; name = GStreamer.framework; path = ../../../../Library/Frameworks/GStreamer.framework; sourceTree = "<group>"; };
		8AFFD24D2A6027C90058829C /* CameraController.swift */ = {isa = PBXFileReference; fileEncoding = 4; lastKnownFileType = sourcecode.swift; path = CameraController.swift; sourceTree = "<group>"; };
		8AFFD24F2A6027C90058829C /* FloatSetting.swift */ = {isa = PBXFileReference; fileEncoding = 4; lastKnownFileType = sourcecode.swift; path = FloatSetting.swift; sourceTree = "<group>"; };
		8AFFD2502A6027C90058829C /* IntSetting.swift */ = {isa = PBXFileReference; fileEncoding = 4; lastKnownFileType = sourcecode.swift; path = IntSetting.swift; sourceTree = "<group>"; };
		8AFFD2512A6027C90058829C /* PanDirection.swift */ = {isa = PBXFileReference; fileEncoding = 4; lastKnownFileType = sourcecode.swift; path = PanDirection.swift; sourceTree = "<group>"; };
		8AFFD2522A6027C90058829C /* ZoomDirection.swift */ = {isa = PBXFileReference; fileEncoding = 4; lastKnownFileType = sourcecode.swift; path = ZoomDirection.swift; sourceTree = "<group>"; };
		8AFFD2532A6027C90058829C /* PanTiltZoomDirections.swift */ = {isa = PBXFileReference; fileEncoding = 4; lastKnownFileType = sourcecode.swift; path = PanTiltZoomDirections.swift; sourceTree = "<group>"; };
		8AFFD2542A6027C90058829C /* PanTiltZoomStatus.swift */ = {isa = PBXFileReference; fileEncoding = 4; lastKnownFileType = sourcecode.swift; path = PanTiltZoomStatus.swift; sourceTree = "<group>"; };
		8AFFD2552A6027C90058829C /* License.swift */ = {isa = PBXFileReference; fileEncoding = 4; lastKnownFileType = sourcecode.swift; path = License.swift; sourceTree = "<group>"; };
		8AFFD2562A6027C90058829C /* StreamSettings.swift */ = {isa = PBXFileReference; fileEncoding = 4; lastKnownFileType = sourcecode.swift; path = StreamSettings.swift; sourceTree = "<group>"; };
		8AFFD2572A6027C90058829C /* FocusDirection.swift */ = {isa = PBXFileReference; fileEncoding = 4; lastKnownFileType = sourcecode.swift; path = FocusDirection.swift; sourceTree = "<group>"; };
		8AFFD2582A6027C90058829C /* TiltDirection.swift */ = {isa = PBXFileReference; fileEncoding = 4; lastKnownFileType = sourcecode.swift; path = TiltDirection.swift; sourceTree = "<group>"; };
		8AFFD2592A6027C90058829C /* CameraSettings.swift */ = {isa = PBXFileReference; fileEncoding = 4; lastKnownFileType = sourcecode.swift; path = CameraSettings.swift; sourceTree = "<group>"; };
		8AFFD25B2A6027C90058829C /* String+CameraController.swift */ = {isa = PBXFileReference; fileEncoding = 4; lastKnownFileType = sourcecode.swift; path = "String+CameraController.swift"; sourceTree = "<group>"; };
		8AFFD25C2A6027C90058829C /* VideoEncoderConfigurationOptions+toStreamSettings.swift */ = {isa = PBXFileReference; fileEncoding = 4; lastKnownFileType = sourcecode.swift; path = "VideoEncoderConfigurationOptions+toStreamSettings.swift"; sourceTree = "<group>"; };
		8AFFD25D2A6027C90058829C /* PTZStatus+toPanTiltZoomStatus.swift */ = {isa = PBXFileReference; fileEncoding = 4; lastKnownFileType = sourcecode.swift; path = "PTZStatus+toPanTiltZoomStatus.swift"; sourceTree = "<group>"; };
		8AFFD25E2A6027C90058829C /* ImagingOptions+toCameraSettings.swift */ = {isa = PBXFileReference; fileEncoding = 4; lastKnownFileType = sourcecode.swift; path = "ImagingOptions+toCameraSettings.swift"; sourceTree = "<group>"; };
		8AFFD2702A6027FC0058829C /* AirCameraController.swift */ = {isa = PBXFileReference; fileEncoding = 4; lastKnownFileType = sourcecode.swift; path = AirCameraController.swift; sourceTree = "<group>"; };
		8AFFD3C72A613CD90058829C /* LVICameraControl.xcodeproj */ = {isa = PBXFileReference; lastKnownFileType = "wrapper.pb-project"; name = LVICameraControl.xcodeproj; path = LVICameraControl/LVICameraControl.xcodeproj; sourceTree = "<group>"; };
		8AFFD3D32A614AE30058829C /* EUCModel.swift */ = {isa = PBXFileReference; fileEncoding = 4; lastKnownFileType = sourcecode.swift; path = EUCModel.swift; sourceTree = "<group>"; };
		8AFFD3D62A614B420058829C /* ColorModels.swift */ = {isa = PBXFileReference; fileEncoding = 4; lastKnownFileType = sourcecode.swift; path = ColorModels.swift; sourceTree = "<group>"; };
		8AFFD3D82A614B7C0058829C /* CameraModel.swift */ = {isa = PBXFileReference; fileEncoding = 4; lastKnownFileType = sourcecode.swift; path = CameraModel.swift; sourceTree = "<group>"; };
		8AFFD3DA2A614BE30058829C /* SpeechModel.swift */ = {isa = PBXFileReference; fileEncoding = 4; lastKnownFileType = sourcecode.swift; path = SpeechModel.swift; sourceTree = "<group>"; };
		8AFFD3DC2A614D840058829C /* ReflineCurtain.swift */ = {isa = PBXFileReference; fileEncoding = 4; lastKnownFileType = sourcecode.swift; path = ReflineCurtain.swift; sourceTree = "<group>"; };
		B2C6B1818EEBBC5B1A1C823D /* Pods_MagniLink_MacViewer_4_0.framework */ = {isa = PBXFileReference; explicitFileType = wrapper.framework; includeInIndex = 0; path = Pods_MagniLink_MacViewer_4_0.framework; sourceTree = BUILT_PRODUCTS_DIR; };
		C3C7EC9C8FF1422E0CF875B0 /* Pods-MagniLink MacViewer 4.0.debug.xcconfig */ = {isa = PBXFileReference; includeInIndex = 1; lastKnownFileType = text.xcconfig; name = "Pods-MagniLink MacViewer 4.0.debug.xcconfig"; path = "Target Support Files/Pods-MagniLink MacViewer 4.0/Pods-MagniLink MacViewer 4.0.debug.xcconfig"; sourceTree = "<group>"; };
		CBD8FCBBA90F7A999E8DCC86 /* Pods-MagniLink MacViewer 4.0.release.xcconfig */ = {isa = PBXFileReference; includeInIndex = 1; lastKnownFileType = text.xcconfig; name = "Pods-MagniLink MacViewer 4.0.release.xcconfig"; path = "Target Support Files/Pods-MagniLink MacViewer 4.0/Pods-MagniLink MacViewer 4.0.release.xcconfig"; sourceTree = "<group>"; };
/* End PBXFileReference section */

/* Begin PBXFrameworksBuildPhase section */
		8AD21B932A405BA60040BC64 /* Frameworks */ = {
			isa = PBXFrameworksBuildPhase;
			buildActionMask = 2147483647;
			files = (
				8AFFD3D02A613D1C0058829C /* libLVICameraControl.a in Frameworks */,
				8AFFD2482A601D5B0058829C /* Pods_MagniLink_MacViewer_4_0.framework in Frameworks */,
				8A164DA02AE93BD800F2B9A4 /* GStreamer.framework in Frameworks */,
			);
			runOnlyForDeploymentPostprocessing = 0;
		};
/* End PBXFrameworksBuildPhase section */

/* Begin PBXGroup section */
		5EFE228E518C4FB57097C943 /* Frameworks */ = {
			isa = PBXGroup;
			children = (
				8AFFD2442A60165E0058829C /* GStreamer.framework */,
				B2C6B1818EEBBC5B1A1C823D /* Pods_MagniLink_MacViewer_4_0.framework */,
			);
			name = Frameworks;
			sourceTree = "<group>";
		};
		8A164DAD2AEAB04900F2B9A4 /* Ribbon */ = {
			isa = PBXGroup;
			children = (
				8A164E3A2AEB982600F2B9A4 /* Localization.h */,
				8A164E3B2AEB982600F2B9A4 /* Localization.m */,
				8A164DEF2AEB96B600F2B9A4 /* Bar */,
				8A164DE22AEB96B600F2B9A4 /* Button */,
				8A164DE52AEB96B600F2B9A4 /* CheckBox */,
				8A164DAF2AEB96B600F2B9A4 /* Images */,
				8A164DAE2AEB96B500F2B9A4 /* MyRibbonView.h */,
				8A164DF92AEB96B600F2B9A4 /* MyRibbonView.m */,
				8A164DE82AEB96B600F2B9A4 /* MySizes.h */,
				8A164DFD2AEB96B600F2B9A4 /* MySizes.m */,
				8A164DDF2AEB96B600F2B9A4 /* Pages */,
				8A164DF82AEB96B600F2B9A4 /* ScreenShot.h */,
				8A164DEE2AEB96B600F2B9A4 /* ScreenShot.m */,
				8A164DE92AEB96B600F2B9A4 /* Scroll */,
				8A164DFA2AEB96B600F2B9A4 /* Slider */,
			);
			path = Ribbon;
			sourceTree = "<group>";
		};
		8A164DAF2AEB96B600F2B9A4 /* Images */ = {
			isa = PBXGroup;
			children = (
				8A164DB02AEB96B600F2B9A4 /* focus2.png */,
				8A164DB12AEB96B600F2B9A4 /* down2.png */,
				8A164DB22AEB96B600F2B9A4 /* change_window2.png */,
				8A164DB32AEB96B600F2B9A4 /* change_split_size_right.png */,
				8A164DB42AEB96B600F2B9A4 /* magniplus2.png */,
				8A164DB52AEB96B600F2B9A4 /* ocr2.png */,
				8A164DB62AEB96B600F2B9A4 /* open2.png */,
				8A164DB72AEB96B600F2B9A4 /* magniminus2.png */,
				8A164DB82AEB96B600F2B9A4 /* camera2.png */,
				8A164DB92AEB96B600F2B9A4 /* change_split_size_left.png */,
				8A164DBA2AEB96B600F2B9A4 /* switch_camera22.png */,
				8A164DBB2AEB96B600F2B9A4 /* navigation12.png */,
				8A164DBC2AEB96B600F2B9A4 /* left2.png */,
				8A164DBD2AEB96B600F2B9A4 /* change_split2V.png */,
				8A164DBE2AEB96B600F2B9A4 /* three2.png */,
				8A164DBF2AEB96B600F2B9A4 /* rotate2.png */,
				8A164DC02AEB96B600F2B9A4 /* halfmoon2.png */,
				8A164DC12AEB96B600F2B9A4 /* one2.png */,
				8A164DC22AEB96B600F2B9A4 /* up2.png */,
				8A164DC32AEB96B600F2B9A4 /* two2.png */,
				8A164DC42AEB96B600F2B9A4 /* paus2.png */,
				8A164DC52AEB96B600F2B9A4 /* quiet2.png */,
				8A164DC62AEB96B600F2B9A4 /* sunsmall2.png */,
				8A164DC72AEB96B600F2B9A4 /* navigation42.png */,
				8A164DC82AEB96B600F2B9A4 /* forward.png */,
				8A164DC92AEB96B600F2B9A4 /* close_save2.png */,
				8A164DCA2AEB96B600F2B9A4 /* light_down2.png */,
				8A164DCB2AEB96B600F2B9A4 /* video2.png */,
				8A164DCC2AEB96B600F2B9A4 /* video.jpg */,
				8A164DCD2AEB96B600F2B9A4 /* right2.png */,
				8A164DCE2AEB96B600F2B9A4 /* sunlarge2.png */,
				8A164DCF2AEB96B600F2B9A4 /* help2.png */,
				8A164DD02AEB96B600F2B9A4 /* navigation22.png */,
				8A164DD12AEB96B600F2B9A4 /* letter2.png */,
				8A164DD22AEB96B600F2B9A4 /* next.png */,
				8A164DD32AEB96B600F2B9A4 /* button_pin2.png */,
				8A164DD42AEB96B600F2B9A4 /* mirror2.png */,
				8A164DD52AEB96B600F2B9A4 /* switch_sources.png */,
				8A164DD62AEB96B600F2B9A4 /* previous.png */,
				8A164DD72AEB96B600F2B9A4 /* focus_up2.png */,
				8A164DD82AEB96B600F2B9A4 /* light_up2.png */,
				8A164DD92AEB96B600F2B9A4 /* back.png */,
				8A164DDA2AEB96B600F2B9A4 /* stop2.png */,
				8A164DDB2AEB96B600F2B9A4 /* focus_down2.png */,
				8A164DDC2AEB96B600F2B9A4 /* navigation32.png */,
				8A164DDD2AEB96B600F2B9A4 /* play2.png */,
				8A164DDE2AEB96B600F2B9A4 /* stripedmoon2.png */,
			);
			path = Images;
			sourceTree = "<group>";
		};
		8A164DDF2AEB96B600F2B9A4 /* Pages */ = {
			isa = PBXGroup;
			children = (
				8A164DE02AEB96B600F2B9A4 /* MyPagesView.m */,
				8A164DE12AEB96B600F2B9A4 /* MyPagesView.h */,
			);
			path = Pages;
			sourceTree = "<group>";
		};
		8A164DE22AEB96B600F2B9A4 /* Button */ = {
			isa = PBXGroup;
			children = (
				8A164DE32AEB96B600F2B9A4 /* MyButtonView.m */,
				8A164DE42AEB96B600F2B9A4 /* MyButtonView.h */,
			);
			path = Button;
			sourceTree = "<group>";
		};
		8A164DE52AEB96B600F2B9A4 /* CheckBox */ = {
			isa = PBXGroup;
			children = (
				8A164DE62AEB96B600F2B9A4 /* MyCheckBoxView.m */,
				8A164DE72AEB96B600F2B9A4 /* MyCheckBoxView.h */,
			);
			path = CheckBox;
			sourceTree = "<group>";
		};
		8A164DE92AEB96B600F2B9A4 /* Scroll */ = {
			isa = PBXGroup;
			children = (
				8A164DEA2AEB96B600F2B9A4 /* MyScrollButton.h */,
				8A164DEB2AEB96B600F2B9A4 /* MyScrollView.h */,
				8A164DEC2AEB96B600F2B9A4 /* MyScrollView.m */,
				8A164DED2AEB96B600F2B9A4 /* MyScrollButton.m */,
			);
			path = Scroll;
			sourceTree = "<group>";
		};
		8A164DEF2AEB96B600F2B9A4 /* Bar */ = {
			isa = PBXGroup;
			children = (
				8A164DF02AEB96B600F2B9A4 /* MyButtonBarView.h */,
				8A164DF12AEB96B600F2B9A4 /* MyGrabberButtonBarView.h */,
				8A164DF22AEB96B600F2B9A4 /* MyCameraButtonBarView.h */,
				8A164DF32AEB96B600F2B9A4 /* MyOCRButtonBarView.m */,
				8A164DF42AEB96B600F2B9A4 /* MyGrabberButtonBarView.m */,
				8A164DF52AEB96B600F2B9A4 /* MyButtonBarView.m */,
				8A164DF62AEB96B600F2B9A4 /* MyCameraButtonBarView.m */,
				8A164DF72AEB96B600F2B9A4 /* MyOCRButtonBarView.h */,
			);
			path = Bar;
			sourceTree = "<group>";
		};
		8A164DFA2AEB96B600F2B9A4 /* Slider */ = {
			isa = PBXGroup;
			children = (
				8A164DFB2AEB96B600F2B9A4 /* MySliderControl.m */,
				8A164DFC2AEB96B600F2B9A4 /* MySliderControl.h */,
			);
			path = Slider;
			sourceTree = "<group>";
		};
		8AC1F1F52A4074E10011CE3F /* UsbCamera */ = {
			isa = PBXGroup;
			children = (
				8AC1F1F72A4075270011CE3F /* TwigaCameraViewController.swift */,
				8AC1F1F92A4075810011CE3F /* LVICameraViewController.swift */,
				8AC1F27E2A41A4F70011CE3F /* CameraUSBViewController.swift */,
			);
			path = UsbCamera;
			sourceTree = "<group>";
		};
		8AC1F1F62A4074EE0011CE3F /* AirCamera */ = {
			isa = PBXGroup;
			children = (
				8AC1F1FD2A4076290011CE3F /* CameraAirViewController.swift */,
				8AC1F2042A4078990011CE3F /* CameraAirDistanceViewController.swift */,
				8AC1F2082A4078B40011CE3F /* CameraAirReadingViewController.swift */,
				8AFFD2702A6027FC0058829C /* AirCameraController.swift */,
			);
			path = AirCamera;
			sourceTree = "<group>";
		};
		8AC1F2012A40765A0011CE3F /* USB */ = {
			isa = PBXGroup;
			children = (
				8AC1F2022A4076820011CE3F /* VideoCapture.swift */,
				8A164E3D2AEBE4D700F2B9A4 /* PhotoCapture.swift */,
			);
			path = USB;
			sourceTree = "<group>";
		};
		8AC1F20F2A407E770011CE3F /* Preferences */ = {
			isa = PBXGroup;
			children = (
				8AC1F2102A407E8E0011CE3F /* Preferences.swift */,
			);
			path = Preferences;
			sourceTree = "<group>";
		};
		8AC1F2122A4083A70011CE3F /* Onvif */ = {
			isa = PBXGroup;
			children = (
				8AC1F2712A4089210011CE3F /* Podfile */,
				8AC1F26C2A4086860011CE3F /* Errors */,
				8AC1F2632A4086800011CE3F /* Extensions */,
				8AC1F2162A4086750011CE3F /* Models */,
				8AC1F2132A4086480011CE3F /* Onvif.swift */,
			);
			path = Onvif;
			sourceTree = "<group>";
		};
		8AC1F2162A4086750011CE3F /* Models */ = {
			isa = PBXGroup;
			children = (
				8AC1F2172A4086750011CE3F /* Types */,
				8AC1F22E2A4086750011CE3F /* Imaging */,
				8AC1F2322A4086750011CE3F /* PTZ */,
				8AC1F2342A4086750011CE3F /* Device */,
				8AC1F2372A4086750011CE3F /* Error */,
				8AC1F2392A4086750011CE3F /* Media */,
			);
			path = Models;
			sourceTree = "<group>";
		};
		8AC1F2172A4086750011CE3F /* Types */ = {
			isa = PBXGroup;
			children = (
				8AC1F2182A4086750011CE3F /* VideoResolution.swift */,
				8AC1F2192A4086750011CE3F /* VideoRateControl.swift */,
				8AC1F21A2A4086750011CE3F /* Space1DDescription.swift */,
				8AC1F21B2A4086750011CE3F /* H264Profile.swift */,
				8AC1F21C2A4086750011CE3F /* Bounds.swift */,
				8AC1F21D2A4086750011CE3F /* FocusOptions.swift */,
				8AC1F21E2A4086750011CE3F /* Vector1D.swift */,
				8AC1F21F2A4086750011CE3F /* H264Options.swift */,
				8AC1F2202A4086750011CE3F /* H264Options2.swift */,
				8AC1F2212A4086750011CE3F /* VideoEncoderOptionsExtension.swift */,
				8AC1F2222A4086750011CE3F /* PTZPreset.swift */,
				8AC1F2232A4086750011CE3F /* Space2DDescription.swift */,
				8AC1F2242A4086750011CE3F /* FloatRange.swift */,
				8AC1F2252A4086750011CE3F /* VideoEncoding.swift */,
				8AC1F2262A4086750011CE3F /* Vector2D.swift */,
				8AC1F2272A4086750011CE3F /* IntRange.swift */,
				8AC1F2282A4086750011CE3F /* PTZMoveStatus.swift */,
				8AC1F2292A4086750011CE3F /* PTZVector.swift */,
				8AC1F22A2A4086750011CE3F /* H264Configuration.swift */,
				8AC1F22B2A4086750011CE3F /* FocusConfiguration.swift */,
				8AC1F22C2A4086750011CE3F /* ImagingSettingsExtension.swift */,
				8AC1F22D2A4086750011CE3F /* PTZNode.swift */,
			);
			path = Types;
			sourceTree = "<group>";
		};
		8AC1F22E2A4086750011CE3F /* Imaging */ = {
			isa = PBXGroup;
			children = (
				8AC1F22F2A4086750011CE3F /* MoveOptions.swift */,
				8AC1F2302A4086750011CE3F /* ImagingSettings.swift */,
				8AC1F2312A4086750011CE3F /* ImagingOptions.swift */,
			);
			path = Imaging;
			sourceTree = "<group>";
		};
		8AC1F2322A4086750011CE3F /* PTZ */ = {
			isa = PBXGroup;
			children = (
				8AC1F2332A4086750011CE3F /* PTZStatus.swift */,
			);
			path = PTZ;
			sourceTree = "<group>";
		};
		8AC1F2342A4086750011CE3F /* Device */ = {
			isa = PBXGroup;
			children = (
				8AC1F2352A4086750011CE3F /* Capabilities.swift */,
				8AC1F2362A4086750011CE3F /* BasicInformation.swift */,
			);
			path = Device;
			sourceTree = "<group>";
		};
		8AC1F2372A4086750011CE3F /* Error */ = {
			isa = PBXGroup;
			children = (
				8AC1F2382A4086750011CE3F /* SoapFault.swift */,
			);
			path = Error;
			sourceTree = "<group>";
		};
		8AC1F2392A4086750011CE3F /* Media */ = {
			isa = PBXGroup;
			children = (
				8AC1F23A2A4086750011CE3F /* VideoEncoderConfigurationOptions.swift */,
				8AC1F23B2A4086750011CE3F /* VideoSourceConfiguration.swift */,
				8AC1F23C2A4086750011CE3F /* MediaUri.swift */,
				8AC1F23D2A4086750011CE3F /* VideoEncoderConfiguration.swift */,
				8AC1F23E2A4086750011CE3F /* MediaProfile.swift */,
				8AC1F23F2A4086750011CE3F /* PTZConfiguration.swift */,
			);
			path = Media;
			sourceTree = "<group>";
		};
		8AC1F2632A4086800011CE3F /* Extensions */ = {
			isa = PBXGroup;
			children = (
				8AC1F2642A4086800011CE3F /* Result+success.swift */,
				8AC1F2652A4086800011CE3F /* OSLog+Onvif.swift */,
				8AC1F2662A4086800011CE3F /* MediaProfile+isConfiguredProperly.swift */,
				8AC1F2672A4086800011CE3F /* Comparable+clamp.swift */,
			);
			path = Extensions;
			sourceTree = "<group>";
		};
		8AC1F26C2A4086860011CE3F /* Errors */ = {
			isa = PBXGroup;
			children = (
				8AC1F26D2A4086860011CE3F /* Errors.swift */,
			);
			path = Errors;
			sourceTree = "<group>";
		};
		8AC1F2772A40942E0011CE3F /* KeyHandler */ = {
			isa = PBXGroup;
			children = (
				8AC1F2782A40943C0011CE3F /* Shortcut.swift */,
				8AC1F27A2A4094440011CE3F /* KeyHandler.swift */,
			);
			path = KeyHandler;
			sourceTree = "<group>";
		};
		8AC1F2802A41A7950011CE3F /* Metal */ = {
			isa = PBXGroup;
			children = (
				8AC1F2832A41A7C10011CE3F /* Shader.metal */,
				8AC1F2812A41A7B00011CE3F /* MetalView.swift */,
				8AC1F2852A41A9590011CE3F /* MetalViewHelper.swift */,
				8AFFD3DC2A614D840058829C /* ReflineCurtain.swift */,
			);
			path = Metal;
			sourceTree = "<group>";
		};
		8AD21B8D2A405BA60040BC64 = {
			isa = PBXGroup;
			children = (
				8AD21BAE2A405F6A0040BC64 /* ToDo.rtf */,
				8AFFD3C72A613CD90058829C /* LVICameraControl.xcodeproj */,
				8AFFD24C2A6027C90058829C /* CameraController */,
				8AC1F2122A4083A70011CE3F /* Onvif */,
				8A164DAD2AEAB04900F2B9A4 /* Ribbon */,
				8AD21B982A405BA60040BC64 /* MagniLink MacViewer 4.0 */,
				8AD21B972A405BA60040BC64 /* Products */,
				F7237ADD12CBD1074B3526C1 /* Pods */,
				5EFE228E518C4FB57097C943 /* Frameworks */,
			);
			sourceTree = "<group>";
		};
		8AD21B972A405BA60040BC64 /* Products */ = {
			isa = PBXGroup;
			children = (
				8AD21B962A405BA60040BC64 /* MagniLink MacViewer 4.0.app */,
			);
			name = Products;
			sourceTree = "<group>";
		};
		8AD21B982A405BA60040BC64 /* MagniLink MacViewer 4.0 */ = {
			isa = PBXGroup;
			children = (
				8AFFD3D12A614ACA0058829C /* GUI */,
				8AC1F2802A41A7950011CE3F /* Metal */,
				8AC1F2772A40942E0011CE3F /* KeyHandler */,
				8AC1F20F2A407E770011CE3F /* Preferences */,
				8AD21BB02A406AF20040BC64 /* Video */,
				8AD21BAB2A405DEF0040BC64 /* Cameras */,
				8AD21BA82A405DB20040BC64 /* MainViews */,
				8AD21B992A405BA60040BC64 /* AppDelegate.swift */,
				8AD21B9B2A405BA60040BC64 /* MainViewController.swift */,
				8AC1F20A2A407A630011CE3F /* Enums.swift */,
				8AC1F20C2A407D530011CE3F /* Extension.swift */,
				8AC1F2872A41AAAB0011CE3F /* Utility.swift */,
				8AD21B9D2A405BA70040BC64 /* Assets.xcassets */,
				8AD21B9F2A405BA70040BC64 /* Main.storyboard */,
				8AD21BA22A405BA70040BC64 /* MagniLink_MacViewer_4_0.entitlements */,
			);
			path = "MagniLink MacViewer 4.0";
			sourceTree = "<group>";
		};
		8AD21BA82A405DB20040BC64 /* MainViews */ = {
			isa = PBXGroup;
			children = (
				8AD21BA92A405DDF0040BC64 /* CamerasViewController.swift */,
			);
			path = MainViews;
			sourceTree = "<group>";
		};
		8AD21BAB2A405DEF0040BC64 /* Cameras */ = {
			isa = PBXGroup;
			children = (
				8AC1F1F62A4074EE0011CE3F /* AirCamera */,
				8AC1F1F52A4074E10011CE3F /* UsbCamera */,
				8AC1F1F12A40749C0011CE3F /* CameraManager.swift */,
				8AD21BAC2A405E7F0040BC64 /* CameraFinder.swift */,
				8AC1F1F32A4074D10011CE3F /* CameraBaseViewController.swift */,
			);
			path = Cameras;
			sourceTree = "<group>";
		};
		8AD21BB02A406AF20040BC64 /* Video */ = {
			isa = PBXGroup;
			children = (
				8AFFD23E2A6013AF0058829C /* GStreamer */,
				8AC1F2012A40765A0011CE3F /* USB */,
				8A164DA72AEA7A7F00F2B9A4 /* VideoRecorder.swift */,
			);
			path = Video;
			sourceTree = "<group>";
		};
		8AFFD23E2A6013AF0058829C /* GStreamer */ = {
			isa = PBXGroup;
			children = (
				8AFFD2402A6014ED0058829C /* GStreamerBackend.h */,
				8AFFD2412A6014ED0058829C /* GStreamerBackend.m */,
				8AFFD23F2A6014ED0058829C /* MagniLink MacViewer 4.0-Bridging-Header.h */,
				8AFFD2432A6015270058829C /* GStreamerBackendDelegate.h */,
			);
			path = GStreamer;
			sourceTree = "<group>";
		};
		8AFFD24C2A6027C90058829C /* CameraController */ = {
			isa = PBXGroup;
			children = (
				8AFFD24D2A6027C90058829C /* CameraController.swift */,
				8AFFD24E2A6027C90058829C /* Models */,
				8AFFD25A2A6027C90058829C /* Extensions */,
				8AFFD25F2A6027C90058829C /* Errors */,
			);
			path = CameraController;
			sourceTree = "<group>";
		};
		8AFFD24E2A6027C90058829C /* Models */ = {
			isa = PBXGroup;
			children = (
				8AFFD24F2A6027C90058829C /* FloatSetting.swift */,
				8AFFD2502A6027C90058829C /* IntSetting.swift */,
				8AFFD2512A6027C90058829C /* PanDirection.swift */,
				8AFFD2522A6027C90058829C /* ZoomDirection.swift */,
				8AFFD2532A6027C90058829C /* PanTiltZoomDirections.swift */,
				8AFFD2542A6027C90058829C /* PanTiltZoomStatus.swift */,
				8AFFD2552A6027C90058829C /* License.swift */,
				8AFFD2562A6027C90058829C /* StreamSettings.swift */,
				8AFFD2572A6027C90058829C /* FocusDirection.swift */,
				8AFFD2582A6027C90058829C /* TiltDirection.swift */,
				8AFFD2592A6027C90058829C /* CameraSettings.swift */,
			);
			path = Models;
			sourceTree = "<group>";
		};
		8AFFD25A2A6027C90058829C /* Extensions */ = {
			isa = PBXGroup;
			children = (
				8AFFD25B2A6027C90058829C /* String+CameraController.swift */,
				8AFFD25C2A6027C90058829C /* VideoEncoderConfigurationOptions+toStreamSettings.swift */,
				8AFFD25D2A6027C90058829C /* PTZStatus+toPanTiltZoomStatus.swift */,
				8AFFD25E2A6027C90058829C /* ImagingOptions+toCameraSettings.swift */,
			);
			path = Extensions;
			sourceTree = "<group>";
		};
		8AFFD25F2A6027C90058829C /* Errors */ = {
			isa = PBXGroup;
			children = (
			);
			path = Errors;
			sourceTree = "<group>";
		};
		8AFFD3C82A613CD90058829C /* Products */ = {
			isa = PBXGroup;
			children = (
				8AFFD3CD2A613CD90058829C /* libLVICameraControl.a */,
				8AFFD3CF2A613CD90058829C /* UnitTests.app */,
			);
			name = Products;
			sourceTree = "<group>";
		};
		8AFFD3D12A614ACA0058829C /* GUI */ = {
			isa = PBXGroup;
			children = (
				8AFFD3D52A614B1C0058829C /* SwiftUI */,
				8AFFD3D22A614AD50058829C /* Models */,
			);
			path = GUI;
			sourceTree = "<group>";
		};
		8AFFD3D22A614AD50058829C /* Models */ = {
			isa = PBXGroup;
			children = (
				8AFFD3DA2A614BE30058829C /* SpeechModel.swift */,
				8AFFD3D82A614B7C0058829C /* CameraModel.swift */,
				8AFFD3D62A614B420058829C /* ColorModels.swift */,
				8AFFD3D32A614AE30058829C /* EUCModel.swift */,
			);
			path = Models;
			sourceTree = "<group>";
		};
		8AFFD3D52A614B1C0058829C /* SwiftUI */ = {
			isa = PBXGroup;
			children = (
			);
			path = SwiftUI;
			sourceTree = "<group>";
		};
		F7237ADD12CBD1074B3526C1 /* Pods */ = {
			isa = PBXGroup;
			children = (
				C3C7EC9C8FF1422E0CF875B0 /* Pods-MagniLink MacViewer 4.0.debug.xcconfig */,
				CBD8FCBBA90F7A999E8DCC86 /* Pods-MagniLink MacViewer 4.0.release.xcconfig */,
			);
			path = Pods;
			sourceTree = "<group>";
		};
/* End PBXGroup section */

/* Begin PBXNativeTarget section */
		8AD21B952A405BA60040BC64 /* MagniLink MacViewer 4.0 */ = {
			isa = PBXNativeTarget;
			buildConfigurationList = 8AD21BA52A405BA70040BC64 /* Build configuration list for PBXNativeTarget "MagniLink MacViewer 4.0" */;
			buildPhases = (
				AFBC6152D40EE3FF27629475 /* [CP] Check Pods Manifest.lock */,
				8AD21B922A405BA60040BC64 /* Sources */,
				8AD21B932A405BA60040BC64 /* Frameworks */,
				8AD21B942A405BA60040BC64 /* Resources */,
				DDBF78A67899530D45C6EEAD /* [CP] Embed Pods Frameworks */,
			);
			buildRules = (
			);
			dependencies = (
			);
			name = "MagniLink MacViewer 4.0";
			productName = "MagniLink MacViewer 4.0";
			productReference = 8AD21B962A405BA60040BC64 /* MagniLink MacViewer 4.0.app */;
			productType = "com.apple.product-type.application";
		};
/* End PBXNativeTarget section */

/* Begin PBXProject section */
		8AD21B8E2A405BA60040BC64 /* Project object */ = {
			isa = PBXProject;
			attributes = {
				BuildIndependentTargetsInParallel = 1;
				LastSwiftUpdateCheck = 1420;
				LastUpgradeCheck = 1420;
				TargetAttributes = {
					8AD21B952A405BA60040BC64 = {
						CreatedOnToolsVersion = 14.2;
						LastSwiftMigration = 1420;
					};
				};
			};
			buildConfigurationList = 8AD21B912A405BA60040BC64 /* Build configuration list for PBXProject "MagniLink MacViewer 4.0" */;
			compatibilityVersion = "Xcode 14.0";
			developmentRegion = en;
			hasScannedForEncodings = 0;
			knownRegions = (
				en,
				Base,
			);
			mainGroup = 8AD21B8D2A405BA60040BC64;
			productRefGroup = 8AD21B972A405BA60040BC64 /* Products */;
			projectDirPath = "";
			projectReferences = (
				{
					ProductGroup = 8AFFD3C82A613CD90058829C /* Products */;
					ProjectRef = 8AFFD3C72A613CD90058829C /* LVICameraControl.xcodeproj */;
				},
			);
			projectRoot = "";
			targets = (
				8AD21B952A405BA60040BC64 /* MagniLink MacViewer 4.0 */,
			);
		};
/* End PBXProject section */

/* Begin PBXReferenceProxy section */
		8AFFD3CD2A613CD90058829C /* libLVICameraControl.a */ = {
			isa = PBXReferenceProxy;
			fileType = archive.ar;
			path = libLVICameraControl.a;
			remoteRef = 8AFFD3CC2A613CD90058829C /* PBXContainerItemProxy */;
			sourceTree = BUILT_PRODUCTS_DIR;
		};
		8AFFD3CF2A613CD90058829C /* UnitTests.app */ = {
			isa = PBXReferenceProxy;
			fileType = wrapper.application;
			path = UnitTests.app;
			remoteRef = 8AFFD3CE2A613CD90058829C /* PBXContainerItemProxy */;
			sourceTree = BUILT_PRODUCTS_DIR;
		};
/* End PBXReferenceProxy section */

/* Begin PBXResourcesBuildPhase section */
		8AD21B942A405BA60040BC64 /* Resources */ = {
			isa = PBXResourcesBuildPhase;
			buildActionMask = 2147483647;
			files = (
				8A164E172AEB96B600F2B9A4 /* close_save2.png in Resources */,
				8A164E052AEB96B600F2B9A4 /* magniminus2.png in Resources */,
				8A164E182AEB96B600F2B9A4 /* light_down2.png in Resources */,
				8AD21B9E2A405BA70040BC64 /* Assets.xcassets in Resources */,
				8A164E222AEB96B600F2B9A4 /* mirror2.png in Resources */,
				8A164E0C2AEB96B600F2B9A4 /* three2.png in Resources */,
				8A164E262AEB96B600F2B9A4 /* light_up2.png in Resources */,
				8A164E2A2AEB96B600F2B9A4 /* navigation32.png in Resources */,
				8A164E232AEB96B600F2B9A4 /* switch_sources.png in Resources */,
				8A164E0F2AEB96B600F2B9A4 /* one2.png in Resources */,
				8A164E192AEB96B600F2B9A4 /* video2.png in Resources */,
				8A164E1C2AEB96B600F2B9A4 /* sunlarge2.png in Resources */,
				8A164E292AEB96B600F2B9A4 /* focus_down2.png in Resources */,
				8A164E1A2AEB96B600F2B9A4 /* video.jpg in Resources */,
				8A164E2B2AEB96B600F2B9A4 /* play2.png in Resources */,
				8A164E072AEB96B600F2B9A4 /* change_split_size_left.png in Resources */,
				8A164E152AEB96B600F2B9A4 /* navigation42.png in Resources */,
				8A164E162AEB96B600F2B9A4 /* forward.png in Resources */,
				8A164E252AEB96B600F2B9A4 /* focus_up2.png in Resources */,
				8A164E272AEB96B600F2B9A4 /* back.png in Resources */,
				8A164E032AEB96B600F2B9A4 /* ocr2.png in Resources */,
				8AD21BA12A405BA70040BC64 /* Main.storyboard in Resources */,
				8A164E082AEB96B600F2B9A4 /* switch_camera22.png in Resources */,
				8A164E092AEB96B600F2B9A4 /* navigation12.png in Resources */,
				8A164E042AEB96B600F2B9A4 /* open2.png in Resources */,
				8A164E0B2AEB96B600F2B9A4 /* change_split2V.png in Resources */,
				8A164E282AEB96B600F2B9A4 /* stop2.png in Resources */,
				8A164E1B2AEB96B600F2B9A4 /* right2.png in Resources */,
				8A164E1D2AEB96B600F2B9A4 /* help2.png in Resources */,
				8AC1F2722A4089210011CE3F /* Podfile in Resources */,
				8A164E0A2AEB96B600F2B9A4 /* left2.png in Resources */,
				8A164E142AEB96B600F2B9A4 /* sunsmall2.png in Resources */,
				8A164E062AEB96B600F2B9A4 /* camera2.png in Resources */,
				8A164E122AEB96B600F2B9A4 /* paus2.png in Resources */,
				8A164E022AEB96B600F2B9A4 /* magniplus2.png in Resources */,
				8A164E242AEB96B600F2B9A4 /* previous.png in Resources */,
				8A164E002AEB96B600F2B9A4 /* change_window2.png in Resources */,
				8A164E0D2AEB96B600F2B9A4 /* rotate2.png in Resources */,
				8AD21BAF2A405F6A0040BC64 /* ToDo.rtf in Resources */,
				8A164DFF2AEB96B600F2B9A4 /* down2.png in Resources */,
				8A164E2C2AEB96B600F2B9A4 /* stripedmoon2.png in Resources */,
				8A164E1F2AEB96B600F2B9A4 /* letter2.png in Resources */,
				8A164E012AEB96B600F2B9A4 /* change_split_size_right.png in Resources */,
				8A164E102AEB96B600F2B9A4 /* up2.png in Resources */,
				8A164E1E2AEB96B600F2B9A4 /* navigation22.png in Resources */,
				8A164E0E2AEB96B600F2B9A4 /* halfmoon2.png in Resources */,
				8A164DFE2AEB96B600F2B9A4 /* focus2.png in Resources */,
				8A164E112AEB96B600F2B9A4 /* two2.png in Resources */,
				8A164E132AEB96B600F2B9A4 /* quiet2.png in Resources */,
				8A164E212AEB96B600F2B9A4 /* button_pin2.png in Resources */,
				8A164E202AEB96B600F2B9A4 /* next.png in Resources */,
			);
			runOnlyForDeploymentPostprocessing = 0;
		};
/* End PBXResourcesBuildPhase section */

/* Begin PBXShellScriptBuildPhase section */
		AFBC6152D40EE3FF27629475 /* [CP] Check Pods Manifest.lock */ = {
			isa = PBXShellScriptBuildPhase;
			buildActionMask = 2147483647;
			files = (
			);
			inputFileListPaths = (
			);
			inputPaths = (
				"${PODS_PODFILE_DIR_PATH}/Podfile.lock",
				"${PODS_ROOT}/Manifest.lock",
			);
			name = "[CP] Check Pods Manifest.lock";
			outputFileListPaths = (
			);
			outputPaths = (
				"$(DERIVED_FILE_DIR)/Pods-MagniLink MacViewer 4.0-checkManifestLockResult.txt",
			);
			runOnlyForDeploymentPostprocessing = 0;
			shellPath = /bin/sh;
			shellScript = "diff \"${PODS_PODFILE_DIR_PATH}/Podfile.lock\" \"${PODS_ROOT}/Manifest.lock\" > /dev/null\nif [ $? != 0 ] ; then\n    # print error to STDERR\n    echo \"error: The sandbox is not in sync with the Podfile.lock. Run 'pod install' or update your CocoaPods installation.\" >&2\n    exit 1\nfi\n# This output is used by Xcode 'outputs' to avoid re-running this script phase.\necho \"SUCCESS\" > \"${SCRIPT_OUTPUT_FILE_0}\"\n";
			showEnvVarsInLog = 0;
		};
		DDBF78A67899530D45C6EEAD /* [CP] Embed Pods Frameworks */ = {
			isa = PBXShellScriptBuildPhase;
			buildActionMask = 2147483647;
			files = (
			);
			inputFileListPaths = (
				"${PODS_ROOT}/Target Support Files/Pods-MagniLink MacViewer 4.0/Pods-MagniLink MacViewer 4.0-frameworks-${CONFIGURATION}-input-files.xcfilelist",
			);
			name = "[CP] Embed Pods Frameworks";
			outputFileListPaths = (
				"${PODS_ROOT}/Target Support Files/Pods-MagniLink MacViewer 4.0/Pods-MagniLink MacViewer 4.0-frameworks-${CONFIGURATION}-output-files.xcfilelist",
			);
			runOnlyForDeploymentPostprocessing = 0;
			shellPath = /bin/sh;
			shellScript = "\"${PODS_ROOT}/Target Support Files/Pods-MagniLink MacViewer 4.0/Pods-MagniLink MacViewer 4.0-frameworks.sh\"\n";
			showEnvVarsInLog = 0;
		};
/* End PBXShellScriptBuildPhase section */

/* Begin PBXSourcesBuildPhase section */
		8AD21B922A405BA60040BC64 /* Sources */ = {
			isa = PBXSourcesBuildPhase;
			buildActionMask = 2147483647;
			files = (
				8AC1F2592A4086750011CE3F /* PTZStatus.swift in Sources */,
				8AD21B9C2A405BA60040BC64 /* MainViewController.swift in Sources */,
				8AC1F24F2A4086750011CE3F /* IntRange.swift in Sources */,
				8AFFD2662A6027C90058829C /* PanTiltZoomStatus.swift in Sources */,
				8AFFD2692A6027C90058829C /* FocusDirection.swift in Sources */,
				8A164E3E2AEBE4D700F2B9A4 /* PhotoCapture.swift in Sources */,
				8AFFD26B2A6027C90058829C /* CameraSettings.swift in Sources */,
				8AC1F2422A4086750011CE3F /* Space1DDescription.swift in Sources */,
				8A164E362AEB96B600F2B9A4 /* MyCameraButtonBarView.m in Sources */,
				8A164E2E2AEB96B600F2B9A4 /* MyButtonView.m in Sources */,
				8AC1F27B2A4094440011CE3F /* KeyHandler.swift in Sources */,
				8A164E372AEB96B600F2B9A4 /* MyRibbonView.m in Sources */,
				8AC1F24A2A4086750011CE3F /* PTZPreset.swift in Sources */,
				8AD21BAD2A405E7F0040BC64 /* CameraFinder.swift in Sources */,
				8AFFD2612A6027C90058829C /* FloatSetting.swift in Sources */,
				8AC1F2482A4086750011CE3F /* H264Options2.swift in Sources */,
				8AC1F2112A407E8E0011CE3F /* Preferences.swift in Sources */,
				8AC1F2472A4086750011CE3F /* H264Options.swift in Sources */,
				8AC1F25F2A4086750011CE3F /* MediaUri.swift in Sources */,
				8AC1F2612A4086750011CE3F /* MediaProfile.swift in Sources */,
				8AC1F2822A41A7B00011CE3F /* MetalView.swift in Sources */,
				8AC1F2062A4078990011CE3F /* CameraAirDistanceViewController.swift in Sources */,
				8AC1F1FF2A4076290011CE3F /* CameraAirViewController.swift in Sources */,
				8AC1F2582A4086750011CE3F /* ImagingOptions.swift in Sources */,
				8A164DA82AEA7A7F00F2B9A4 /* VideoRecorder.swift in Sources */,
				8AC1F2862A41A9590011CE3F /* MetalViewHelper.swift in Sources */,
				8AFFD3D42A614AE30058829C /* EUCModel.swift in Sources */,
				8AC1F24B2A4086750011CE3F /* Space2DDescription.swift in Sources */,
				8AC1F2512A4086750011CE3F /* PTZVector.swift in Sources */,
				8AC1F27F2A41A4F70011CE3F /* CameraUSBViewController.swift in Sources */,
				8AD21B9A2A405BA60040BC64 /* AppDelegate.swift in Sources */,
				8A164E312AEB96B600F2B9A4 /* MyScrollButton.m in Sources */,
				8AFFD2642A6027C90058829C /* ZoomDirection.swift in Sources */,
				8AC1F24C2A4086750011CE3F /* FloatRange.swift in Sources */,
				8AFFD3DD2A614D840058829C /* ReflineCurtain.swift in Sources */,
				8AFFD2712A6027FC0058829C /* AirCameraController.swift in Sources */,
				8AC1F2602A4086750011CE3F /* VideoEncoderConfiguration.swift in Sources */,
				8A164E382AEB96B600F2B9A4 /* MySliderControl.m in Sources */,
				8AC1F2092A4078B40011CE3F /* CameraAirReadingViewController.swift in Sources */,
				8AFFD2602A6027C90058829C /* CameraController.swift in Sources */,
				8AC1F26E2A4086860011CE3F /* Errors.swift in Sources */,
				8AFFD3D72A614B420058829C /* ColorModels.swift in Sources */,
				8AC1F2532A4086750011CE3F /* FocusConfiguration.swift in Sources */,
				8AFFD26E2A6027C90058829C /* PTZStatus+toPanTiltZoomStatus.swift in Sources */,
				8AFFD2652A6027C90058829C /* PanTiltZoomDirections.swift in Sources */,
				8AC1F26A2A4086800011CE3F /* MediaProfile+isConfiguredProperly.swift in Sources */,
				8AC1F1FB2A4075810011CE3F /* LVICameraViewController.swift in Sources */,
				8A164E3C2AEB982600F2B9A4 /* Localization.m in Sources */,
				8AC1F2142A4086480011CE3F /* Onvif.swift in Sources */,
				8AC1F2552A4086750011CE3F /* PTZNode.swift in Sources */,
				8AFFD2672A6027C90058829C /* License.swift in Sources */,
				8AC1F25A2A4086750011CE3F /* Capabilities.swift in Sources */,
				8AFFD2422A6014ED0058829C /* GStreamerBackend.m in Sources */,
				8AC1F20B2A407A630011CE3F /* Enums.swift in Sources */,
				8A164E332AEB96B600F2B9A4 /* MyOCRButtonBarView.m in Sources */,
				8AC1F2492A4086750011CE3F /* VideoEncoderOptionsExtension.swift in Sources */,
				8AC1F2402A4086750011CE3F /* VideoResolution.swift in Sources */,
				8AC1F1F82A4075270011CE3F /* TwigaCameraViewController.swift in Sources */,
				8AFFD26D2A6027C90058829C /* VideoEncoderConfigurationOptions+toStreamSettings.swift in Sources */,
				8AC1F20D2A407D530011CE3F /* Extension.swift in Sources */,
				8AC1F25C2A4086750011CE3F /* SoapFault.swift in Sources */,
				8AC1F2562A4086750011CE3F /* MoveOptions.swift in Sources */,
				8AFFD3DB2A614BE30058829C /* SpeechModel.swift in Sources */,
				8AFFD2632A6027C90058829C /* PanDirection.swift in Sources */,
				8AFFD26C2A6027C90058829C /* String+CameraController.swift in Sources */,
				8A164E2D2AEB96B600F2B9A4 /* MyPagesView.m in Sources */,
				8AC1F2542A4086750011CE3F /* ImagingSettingsExtension.swift in Sources */,
				8A164E352AEB96B600F2B9A4 /* MyButtonBarView.m in Sources */,
				8AC1F24D2A4086750011CE3F /* VideoEncoding.swift in Sources */,
				8AC1F2032A4076820011CE3F /* VideoCapture.swift in Sources */,
				8AC1F2622A4086750011CE3F /* PTZConfiguration.swift in Sources */,
				8AC1F2792A40943C0011CE3F /* Shortcut.swift in Sources */,
				8AC1F2442A4086750011CE3F /* Bounds.swift in Sources */,
				8AC1F2572A4086750011CE3F /* ImagingSettings.swift in Sources */,
				8AC1F2522A4086750011CE3F /* H264Configuration.swift in Sources */,
				8AFFD3D92A614B7C0058829C /* CameraModel.swift in Sources */,
				8AD21BAA2A405DDF0040BC64 /* CamerasViewController.swift in Sources */,
				8AC1F2412A4086750011CE3F /* VideoRateControl.swift in Sources */,
				8A164E392AEB96B600F2B9A4 /* MySizes.m in Sources */,
				8AFFD26A2A6027C90058829C /* TiltDirection.swift in Sources */,
				8AC1F2462A4086750011CE3F /* Vector1D.swift in Sources */,
				8AC1F2682A4086800011CE3F /* Result+success.swift in Sources */,
				8AFFD26F2A6027C90058829C /* ImagingOptions+toCameraSettings.swift in Sources */,
				8AC1F25B2A4086750011CE3F /* BasicInformation.swift in Sources */,
				8AFFD2682A6027C90058829C /* StreamSettings.swift in Sources */,
				8AC1F2432A4086750011CE3F /* H264Profile.swift in Sources */,
				8A164E302AEB96B600F2B9A4 /* MyScrollView.m in Sources */,
				8AC1F1F42A4074D10011CE3F /* CameraBaseViewController.swift in Sources */,
				8AC1F1F22A40749C0011CE3F /* CameraManager.swift in Sources */,
				8A164E322AEB96B600F2B9A4 /* ScreenShot.m in Sources */,
				8AC1F25D2A4086750011CE3F /* VideoEncoderConfigurationOptions.swift in Sources */,
				8A164E342AEB96B600F2B9A4 /* MyGrabberButtonBarView.m in Sources */,
				8AFFD2622A6027C90058829C /* IntSetting.swift in Sources */,
				8A164E2F2AEB96B600F2B9A4 /* MyCheckBoxView.m in Sources */,
				8AC1F24E2A4086750011CE3F /* Vector2D.swift in Sources */,
				8AC1F2882A41AAAB0011CE3F /* Utility.swift in Sources */,
				8AC1F25E2A4086750011CE3F /* VideoSourceConfiguration.swift in Sources */,
				8AC1F2452A4086750011CE3F /* FocusOptions.swift in Sources */,
				8AC1F2502A4086750011CE3F /* PTZMoveStatus.swift in Sources */,
				8AC1F2692A4086800011CE3F /* OSLog+Onvif.swift in Sources */,
				8AC1F26B2A4086800011CE3F /* Comparable+clamp.swift in Sources */,
				8AC1F2842A41A7C10011CE3F /* Shader.metal in Sources */,
			);
			runOnlyForDeploymentPostprocessing = 0;
		};
/* End PBXSourcesBuildPhase section */

/* Begin PBXVariantGroup section */
		8AD21B9F2A405BA70040BC64 /* Main.storyboard */ = {
			isa = PBXVariantGroup;
			children = (
				8AD21BA02A405BA70040BC64 /* Base */,
			);
			name = Main.storyboard;
			sourceTree = "<group>";
		};
/* End PBXVariantGroup section */

/* Begin XCBuildConfiguration section */
		8AD21BA32A405BA70040BC64 /* Debug */ = {
			isa = XCBuildConfiguration;
			buildSettings = {
				ALWAYS_SEARCH_USER_PATHS = NO;
				CLANG_ANALYZER_NONNULL = YES;
				CLANG_ANALYZER_NUMBER_OBJECT_CONVERSION = YES_AGGRESSIVE;
				CLANG_CXX_LANGUAGE_STANDARD = "gnu++20";
				CLANG_ENABLE_MODULES = YES;
				CLANG_ENABLE_OBJC_ARC = YES;
				CLANG_ENABLE_OBJC_WEAK = YES;
				CLANG_WARN_BLOCK_CAPTURE_AUTORELEASING = YES;
				CLANG_WARN_BOOL_CONVERSION = YES;
				CLANG_WARN_COMMA = YES;
				CLANG_WARN_CONSTANT_CONVERSION = YES;
				CLANG_WARN_DEPRECATED_OBJC_IMPLEMENTATIONS = YES;
				CLANG_WARN_DIRECT_OBJC_ISA_USAGE = YES_ERROR;
				CLANG_WARN_DOCUMENTATION_COMMENTS = YES;
				CLANG_WARN_EMPTY_BODY = YES;
				CLANG_WARN_ENUM_CONVERSION = YES;
				CLANG_WARN_INFINITE_RECURSION = YES;
				CLANG_WARN_INT_CONVERSION = YES;
				CLANG_WARN_NON_LITERAL_NULL_CONVERSION = YES;
				CLANG_WARN_OBJC_IMPLICIT_RETAIN_SELF = YES;
				CLANG_WARN_OBJC_LITERAL_CONVERSION = YES;
				CLANG_WARN_OBJC_ROOT_CLASS = YES_ERROR;
				CLANG_WARN_QUOTED_INCLUDE_IN_FRAMEWORK_HEADER = YES;
				CLANG_WARN_RANGE_LOOP_ANALYSIS = YES;
				CLANG_WARN_STRICT_PROTOTYPES = YES;
				CLANG_WARN_SUSPICIOUS_MOVE = YES;
				CLANG_WARN_UNGUARDED_AVAILABILITY = YES_AGGRESSIVE;
				CLANG_WARN_UNREACHABLE_CODE = YES;
				CLANG_WARN__DUPLICATE_METHOD_MATCH = YES;
				COPY_PHASE_STRIP = NO;
				DEBUG_INFORMATION_FORMAT = dwarf;
				ENABLE_STRICT_OBJC_MSGSEND = YES;
				ENABLE_TESTABILITY = YES;
				GCC_C_LANGUAGE_STANDARD = gnu11;
				GCC_DYNAMIC_NO_PIC = NO;
				GCC_NO_COMMON_BLOCKS = YES;
				GCC_OPTIMIZATION_LEVEL = 0;
				GCC_PREPROCESSOR_DEFINITIONS = (
					"DEBUG=1",
					"$(inherited)",
				);
				GCC_WARN_64_TO_32_BIT_CONVERSION = YES;
				GCC_WARN_ABOUT_RETURN_TYPE = YES_ERROR;
				GCC_WARN_UNDECLARED_SELECTOR = YES;
				GCC_WARN_UNINITIALIZED_AUTOS = YES_AGGRESSIVE;
				GCC_WARN_UNUSED_FUNCTION = YES;
				GCC_WARN_UNUSED_VARIABLE = YES;
				MACOSX_DEPLOYMENT_TARGET = 12.5;
				MTL_ENABLE_DEBUG_INFO = INCLUDE_SOURCE;
				MTL_FAST_MATH = YES;
				ONLY_ACTIVE_ARCH = YES;
				SDKROOT = macosx;
				SWIFT_ACTIVE_COMPILATION_CONDITIONS = DEBUG;
				SWIFT_OPTIMIZATION_LEVEL = "-Onone";
			};
			name = Debug;
		};
		8AD21BA42A405BA70040BC64 /* Release */ = {
			isa = XCBuildConfiguration;
			buildSettings = {
				ALWAYS_SEARCH_USER_PATHS = NO;
				CLANG_ANALYZER_NONNULL = YES;
				CLANG_ANALYZER_NUMBER_OBJECT_CONVERSION = YES_AGGRESSIVE;
				CLANG_CXX_LANGUAGE_STANDARD = "gnu++20";
				CLANG_ENABLE_MODULES = YES;
				CLANG_ENABLE_OBJC_ARC = YES;
				CLANG_ENABLE_OBJC_WEAK = YES;
				CLANG_WARN_BLOCK_CAPTURE_AUTORELEASING = YES;
				CLANG_WARN_BOOL_CONVERSION = YES;
				CLANG_WARN_COMMA = YES;
				CLANG_WARN_CONSTANT_CONVERSION = YES;
				CLANG_WARN_DEPRECATED_OBJC_IMPLEMENTATIONS = YES;
				CLANG_WARN_DIRECT_OBJC_ISA_USAGE = YES_ERROR;
				CLANG_WARN_DOCUMENTATION_COMMENTS = YES;
				CLANG_WARN_EMPTY_BODY = YES;
				CLANG_WARN_ENUM_CONVERSION = YES;
				CLANG_WARN_INFINITE_RECURSION = YES;
				CLANG_WARN_INT_CONVERSION = YES;
				CLANG_WARN_NON_LITERAL_NULL_CONVERSION = YES;
				CLANG_WARN_OBJC_IMPLICIT_RETAIN_SELF = YES;
				CLANG_WARN_OBJC_LITERAL_CONVERSION = YES;
				CLANG_WARN_OBJC_ROOT_CLASS = YES_ERROR;
				CLANG_WARN_QUOTED_INCLUDE_IN_FRAMEWORK_HEADER = YES;
				CLANG_WARN_RANGE_LOOP_ANALYSIS = YES;
				CLANG_WARN_STRICT_PROTOTYPES = YES;
				CLANG_WARN_SUSPICIOUS_MOVE = YES;
				CLANG_WARN_UNGUARDED_AVAILABILITY = YES_AGGRESSIVE;
				CLANG_WARN_UNREACHABLE_CODE = YES;
				CLANG_WARN__DUPLICATE_METHOD_MATCH = YES;
				COPY_PHASE_STRIP = NO;
				DEBUG_INFORMATION_FORMAT = "dwarf-with-dsym";
				ENABLE_NS_ASSERTIONS = NO;
				ENABLE_STRICT_OBJC_MSGSEND = YES;
				GCC_C_LANGUAGE_STANDARD = gnu11;
				GCC_NO_COMMON_BLOCKS = YES;
				GCC_WARN_64_TO_32_BIT_CONVERSION = YES;
				GCC_WARN_ABOUT_RETURN_TYPE = YES_ERROR;
				GCC_WARN_UNDECLARED_SELECTOR = YES;
				GCC_WARN_UNINITIALIZED_AUTOS = YES_AGGRESSIVE;
				GCC_WARN_UNUSED_FUNCTION = YES;
				GCC_WARN_UNUSED_VARIABLE = YES;
				MACOSX_DEPLOYMENT_TARGET = 12.5;
				MTL_ENABLE_DEBUG_INFO = NO;
				MTL_FAST_MATH = YES;
				SDKROOT = macosx;
				SWIFT_COMPILATION_MODE = wholemodule;
				SWIFT_OPTIMIZATION_LEVEL = "-O";
			};
			name = Release;
		};
		8AD21BA62A405BA70040BC64 /* Debug */ = {
			isa = XCBuildConfiguration;
			baseConfigurationReference = C3C7EC9C8FF1422E0CF875B0 /* Pods-MagniLink MacViewer 4.0.debug.xcconfig */;
			buildSettings = {
				ASSETCATALOG_COMPILER_APPICON_NAME = AppIcon;
				ASSETCATALOG_COMPILER_GLOBAL_ACCENT_COLOR_NAME = AccentColor;
				CLANG_ENABLE_MODULES = YES;
				CODE_SIGN_ENTITLEMENTS = "MagniLink MacViewer 4.0/MagniLink_MacViewer_4_0.entitlements";
				CODE_SIGN_IDENTITY = "Apple Development";
				CODE_SIGN_STYLE = Automatic;
				COMBINE_HIDPI_IMAGES = YES;
				CURRENT_PROJECT_VERSION = 1;
				DEVELOPMENT_TEAM = 7W8GH4FC3N;
				ENABLE_HARDENED_RUNTIME = YES;
				FRAMEWORK_SEARCH_PATHS = (
					"$(inherited)",
					"$(PROJECT_DIR)",
					"$(LOCAL_LIBRARY_DIR)/Frameworks",
				);
				GENERATE_INFOPLIST_FILE = YES;
				HEADER_SEARCH_PATHS = (
					"$(inherited)",
					"$(PROJECT_DIR)/**",
					"\"${PODS_CONFIGURATION_BUILD_DIR}/SWXMLHash/SWXMLHash.framework/Headers\"",
					/Library/Frameworks/GStreamer.framework/Versions/1.0/Headers,
				);
				INFOPLIST_KEY_NSCameraUsageDescription = "Camera usage";
				INFOPLIST_KEY_NSHumanReadableCopyright = "";
				INFOPLIST_KEY_NSMainStoryboardFile = Main;
				INFOPLIST_KEY_NSPrincipalClass = NSApplication;
				LD_RUNPATH_SEARCH_PATHS = (
					"$(inherited)",
					"@executable_path/../Frameworks",
					"$(CONFIGURATION_BUILD_DIR)",
					/Library/Frameworks/GStreamer.framework/Libraries,
					/Library/Frameworks/,
				);
				LIBRARY_SEARCH_PATHS = (
					"$(inherited)",
					"\"${TOOLCHAIN_DIR}/usr/lib/swift/${PLATFORM_NAME}\"",
					/usr/lib/swift,
					/Library/Frameworks/GStreamer.framework/Libraries,
				);
				MACOSX_DEPLOYMENT_TARGET = 12.0;
				MARKETING_VERSION = 1.0;
				PRODUCT_BUNDLE_IDENTIFIER = "se.lvi.MagniLink-MacViewer-4-0";
				PRODUCT_NAME = "$(TARGET_NAME)";
				PROVISIONING_PROFILE_SPECIFIER = "";
				SWIFT_EMIT_LOC_STRINGS = YES;
				SWIFT_OBJC_BRIDGING_HEADER = "MagniLink MacViewer 4.0/Video/GStreamer/MagniLink MacViewer 4.0-Bridging-Header.h";
				SWIFT_OPTIMIZATION_LEVEL = "-Onone";
				SWIFT_VERSION = 5.0;
			};
			name = Debug;
		};
		8AD21BA72A405BA70040BC64 /* Release */ = {
			isa = XCBuildConfiguration;
			baseConfigurationReference = CBD8FCBBA90F7A999E8DCC86 /* Pods-MagniLink MacViewer 4.0.release.xcconfig */;
			buildSettings = {
				ASSETCATALOG_COMPILER_APPICON_NAME = AppIcon;
				ASSETCATALOG_COMPILER_GLOBAL_ACCENT_COLOR_NAME = AccentColor;
				CLANG_ENABLE_MODULES = YES;
				CODE_SIGN_ENTITLEMENTS = "MagniLink MacViewer 4.0/MagniLink_MacViewer_4_0.entitlements";
				CODE_SIGN_IDENTITY = "Apple Development";
				CODE_SIGN_STYLE = Automatic;
				COMBINE_HIDPI_IMAGES = YES;
				CURRENT_PROJECT_VERSION = 1;
				DEVELOPMENT_TEAM = 7W8GH4FC3N;
				ENABLE_HARDENED_RUNTIME = YES;
				FRAMEWORK_SEARCH_PATHS = (
					"$(inherited)",
					"$(PROJECT_DIR)",
					"$(LOCAL_LIBRARY_DIR)/Frameworks",
				);
				GENERATE_INFOPLIST_FILE = YES;
				HEADER_SEARCH_PATHS = (
					"$(inherited)",
					"\"${PODS_CONFIGURATION_BUILD_DIR}/SWXMLHash/SWXMLHash.framework/Headers\"",
					/Library/Frameworks/GStreamer.framework/Versions/1.0/Headers,
				);
				INFOPLIST_KEY_NSCameraUsageDescription = "Camera usage";
				INFOPLIST_KEY_NSHumanReadableCopyright = "";
				INFOPLIST_KEY_NSMainStoryboardFile = Main;
				INFOPLIST_KEY_NSPrincipalClass = NSApplication;
				LD_RUNPATH_SEARCH_PATHS = (
					"$(inherited)",
					"@executable_path/../Frameworks",
					"$(CONFIGURATION_BUILD_DIR)",
					/Library/Frameworks/,
					/Library/Frameworks/GStreamer.framework/Libraries,
				);
				LIBRARY_SEARCH_PATHS = (
					"$(inherited)",
					"\"${TOOLCHAIN_DIR}/usr/lib/swift/${PLATFORM_NAME}\"",
					/usr/lib/swift,
					/Library/Frameworks/GStreamer.framework/Libraries,
				);
				MACOSX_DEPLOYMENT_TARGET = 12.0;
				MARKETING_VERSION = 1.0;
				PRODUCT_BUNDLE_IDENTIFIER = "se.lvi.MagniLink-MacViewer-4-0";
				PRODUCT_NAME = "$(TARGET_NAME)";
				PROVISIONING_PROFILE_SPECIFIER = "";
				SWIFT_EMIT_LOC_STRINGS = YES;
				SWIFT_OBJC_BRIDGING_HEADER = "MagniLink MacViewer 4.0/Video/GStreamer/MagniLink MacViewer 4.0-Bridging-Header.h";
				SWIFT_VERSION = 5.0;
			};
			name = Release;
		};
/* End XCBuildConfiguration section */

/* Begin XCConfigurationList section */
		8AD21B912A405BA60040BC64 /* Build configuration list for PBXProject "MagniLink MacViewer 4.0" */ = {
			isa = XCConfigurationList;
			buildConfigurations = (
				8AD21BA32A405BA70040BC64 /* Debug */,
				8AD21BA42A405BA70040BC64 /* Release */,
			);
			defaultConfigurationIsVisible = 0;
			defaultConfigurationName = Release;
		};
		8AD21BA52A405BA70040BC64 /* Build configuration list for PBXNativeTarget "MagniLink MacViewer 4.0" */ = {
			isa = XCConfigurationList;
			buildConfigurations = (
				8AD21BA62A405BA70040BC64 /* Debug */,
				8AD21BA72A405BA70040BC64 /* Release */,
			);
			defaultConfigurationIsVisible = 0;
			defaultConfigurationName = Release;
		};
/* End XCConfigurationList section */
	};
	rootObject = 8AD21B8E2A405BA60040BC64 /* Project object */;
}
